// !$*UTF8*$!
{
	archiveVersion = 1;
	classes = {
	};
	objectVersion = 50;
	objects = {

/* Begin PBXBuildFile section */
		7EBEFA782241F28200250B65 /* CoreFoundation.framework in Frameworks */ = {isa = PBXBuildFile; fileRef = 7EBEFA772241F28200250B65 /* CoreFoundation.framework */; };
		7EBEFA7A2241F28C00250B65 /* IOKit.framework in Frameworks */ = {isa = PBXBuildFile; fileRef = 7EBEFA792241F28C00250B65 /* IOKit.framework */; };
		7EBEFA7C2241F2B700250B65 /* libconcert.a in Frameworks */ = {isa = PBXBuildFile; fileRef = 7EBEFA7B2241F2B700250B65 /* libconcert.a */; };
		7EBEFA802241F2CD00250B65 /* libilocplex.a in Frameworks */ = {isa = PBXBuildFile; fileRef = 7EBEFA7D2241F2CD00250B65 /* libilocplex.a */; };
		7EBEFA812241F2CD00250B65 /* libcplexdistmip.a in Frameworks */ = {isa = PBXBuildFile; fileRef = 7EBEFA7E2241F2CD00250B65 /* libcplexdistmip.a */; };
		7EBEFA822241F2CD00250B65 /* libcplex.a in Frameworks */ = {isa = PBXBuildFile; fileRef = 7EBEFA7F2241F2CD00250B65 /* libcplex.a */; };
		7EBEFBE22241FA9900250B65 /* smps.h in Sources */ = {isa = PBXBuildFile; fileRef = 7EBEFA8B2241F44E00250B65 /* smps.h */; };
		7EBEFBE32241FA9900250B65 /* prob.c in Sources */ = {isa = PBXBuildFile; fileRef = 7EBEFA8C2241F44E00250B65 /* prob.c */; };
		7EBEFBE42241FA9900250B65 /* rvgen.c in Sources */ = {isa = PBXBuildFile; fileRef = 7EBEFA8D2241F44E00250B65 /* rvgen.c */; };
		7EBEFBE52241FA9900250B65 /* smps.c in Sources */ = {isa = PBXBuildFile; fileRef = 7EBEFA8E2241F44E00250B65 /* smps.c */; };
		7EBEFBE62241FA9900250B65 /* prob.h in Sources */ = {isa = PBXBuildFile; fileRef = 7EBEFA8F2241F44E00250B65 /* prob.h */; };
		7EBEFBE72241FA9900250B65 /* utils.h in Sources */ = {isa = PBXBuildFile; fileRef = 7EBEFA842241F44E00250B65 /* utils.h */; };
		7EBEFBE82241FA9900250B65 /* utility.c in Sources */ = {isa = PBXBuildFile; fileRef = 7EBEFA852241F44E00250B65 /* utility.c */; };
		7EBEFBE92241FA9900250B65 /* solver.h in Sources */ = {isa = PBXBuildFile; fileRef = 7EBEFA862241F44E00250B65 /* solver.h */; };
		7EBEFBEB2241FA9900250B65 /* solver.c in Sources */ = {isa = PBXBuildFile; fileRef = 7EBEFA882241F44E00250B65 /* solver.c */; };
		7EBEFBED2241FDB900250B65 /* benders.c in Sources */ = {isa = PBXBuildFile; fileRef = 7EBEFA912241F44E00250B65 /* benders.c */; };
		7EBEFBEE2241FDB900250B65 /* master.c in Sources */ = {isa = PBXBuildFile; fileRef = 7EBEFA922241F44E00250B65 /* master.c */; };
		7EBEFBEF2241FDB900250B65 /* subprob.c in Sources */ = {isa = PBXBuildFile; fileRef = 7EBEFA932241F44E00250B65 /* subprob.c */; };
		7EBEFBF02241FDB900250B65 /* evaluate.c in Sources */ = {isa = PBXBuildFile; fileRef = 7EBEFA942241F44E00250B65 /* evaluate.c */; };
		7EBEFBF12241FDB900250B65 /* setup.c in Sources */ = {isa = PBXBuildFile; fileRef = 7EBEFA952241F44E00250B65 /* setup.c */; };
		7EBEFBF22241FDB900250B65 /* cuts.c in Sources */ = {isa = PBXBuildFile; fileRef = 7EBEFA962241F44E00250B65 /* cuts.c */; };
		7EBEFBF32241FDB900250B65 /* benders.h in Sources */ = {isa = PBXBuildFile; fileRef = 7EBEFA972241F44E00250B65 /* benders.h */; };
		7EBEFBF42241FDB900250B65 /* algo.c in Sources */ = {isa = PBXBuildFile; fileRef = 7EBEFA982241F44E00250B65 /* algo.c */; };
/* End PBXBuildFile section */

/* Begin PBXCopyFilesBuildPhase section */
		7EBEFA672241EC4900250B65 /* CopyFiles */ = {
			isa = PBXCopyFilesBuildPhase;
			buildActionMask = 2147483647;
			dstPath = /usr/share/man/man1/;
			dstSubfolderSpec = 0;
			files = (
			);
			runOnlyForDeploymentPostprocessing = 1;
		};
/* End PBXCopyFilesBuildPhase section */

/* Begin PBXFileReference section */
		7E9293FD22766B1E00143C87 /* SUFL_5_5.tim */ = {isa = PBXFileReference; fileEncoding = 4; lastKnownFileType = text; path = SUFL_5_5.tim; sourceTree = "<group>"; };
		7E9293FE22766B1E00143C87 /* SUFL_5_5.sto */ = {isa = PBXFileReference; fileEncoding = 4; lastKnownFileType = text; path = SUFL_5_5.sto; sourceTree = "<group>"; };
		7E9293FF22766B1E00143C87 /* SUFL_5_5.cor */ = {isa = PBXFileReference; fileEncoding = 4; lastKnownFileType = text; path = SUFL_5_5.cor; sourceTree = "<group>"; };
		7EBEFA692241EC4900250B65 /* LShape_xcode */ = {isa = PBXFileReference; explicitFileType = "compiled.mach-o.executable"; includeInIndex = 0; path = LShape_xcode; sourceTree = BUILT_PRODUCTS_DIR; };
		7EBEFA772241F28200250B65 /* CoreFoundation.framework */ = {isa = PBXFileReference; lastKnownFileType = wrapper.framework; name = CoreFoundation.framework; path = System/Library/Frameworks/CoreFoundation.framework; sourceTree = SDKROOT; };
		7EBEFA792241F28C00250B65 /* IOKit.framework */ = {isa = PBXFileReference; lastKnownFileType = wrapper.framework; name = IOKit.framework; path = System/Library/Frameworks/IOKit.framework; sourceTree = SDKROOT; };
		7EBEFA7B2241F2B700250B65 /* libconcert.a */ = {isa = PBXFileReference; lastKnownFileType = archive.ar; name = libconcert.a; path = "../../../../../Applications/CPLEX_Studio128/concert/lib/x86-64_osx/static_pic/libconcert.a"; sourceTree = "<group>"; };
		7EBEFA7D2241F2CD00250B65 /* libilocplex.a */ = {isa = PBXFileReference; lastKnownFileType = archive.ar; name = libilocplex.a; path = "../../../../../Applications/CPLEX_Studio128/cplex/lib/x86-64_osx/static_pic/libilocplex.a"; sourceTree = "<group>"; };
		7EBEFA7E2241F2CD00250B65 /* libcplexdistmip.a */ = {isa = PBXFileReference; lastKnownFileType = archive.ar; name = libcplexdistmip.a; path = "../../../../../Applications/CPLEX_Studio128/cplex/lib/x86-64_osx/static_pic/libcplexdistmip.a"; sourceTree = "<group>"; };
		7EBEFA7F2241F2CD00250B65 /* libcplex.a */ = {isa = PBXFileReference; lastKnownFileType = archive.ar; name = libcplex.a; path = "../../../../../Applications/CPLEX_Studio128/cplex/lib/x86-64_osx/static_pic/libcplex.a"; sourceTree = "<group>"; };
		7EBEFA842241F44E00250B65 /* utils.h */ = {isa = PBXFileReference; fileEncoding = 4; lastKnownFileType = sourcecode.c.h; path = utils.h; sourceTree = "<group>"; };
		7EBEFA852241F44E00250B65 /* utility.c */ = {isa = PBXFileReference; fileEncoding = 4; lastKnownFileType = sourcecode.c.c; path = utility.c; sourceTree = "<group>"; };
		7EBEFA862241F44E00250B65 /* solver.h */ = {isa = PBXFileReference; fileEncoding = 4; lastKnownFileType = sourcecode.c.h; path = solver.h; sourceTree = "<group>"; };
		7EBEFA882241F44E00250B65 /* solver.c */ = {isa = PBXFileReference; fileEncoding = 4; lastKnownFileType = sourcecode.c.c; path = solver.c; sourceTree = "<group>"; };
		7EBEFA8A2241F44E00250B65 /* readFIles.c */ = {isa = PBXFileReference; fileEncoding = 4; lastKnownFileType = sourcecode.c.c; path = readFIles.c; sourceTree = "<group>"; };
		7EBEFA8B2241F44E00250B65 /* smps.h */ = {isa = PBXFileReference; fileEncoding = 4; lastKnownFileType = sourcecode.c.h; path = smps.h; sourceTree = "<group>"; };
		7EBEFA8C2241F44E00250B65 /* prob.c */ = {isa = PBXFileReference; fileEncoding = 4; lastKnownFileType = sourcecode.c.c; path = prob.c; sourceTree = "<group>"; };
		7EBEFA8D2241F44E00250B65 /* rvgen.c */ = {isa = PBXFileReference; fileEncoding = 4; lastKnownFileType = sourcecode.c.c; path = rvgen.c; sourceTree = "<group>"; };
		7EBEFA8E2241F44E00250B65 /* smps.c */ = {isa = PBXFileReference; fileEncoding = 4; lastKnownFileType = sourcecode.c.c; path = smps.c; sourceTree = "<group>"; };
		7EBEFA8F2241F44E00250B65 /* prob.h */ = {isa = PBXFileReference; fileEncoding = 4; lastKnownFileType = sourcecode.c.h; path = prob.h; sourceTree = "<group>"; };
		7EBEFA912241F44E00250B65 /* benders.c */ = {isa = PBXFileReference; fileEncoding = 4; lastKnownFileType = sourcecode.c.c; path = benders.c; sourceTree = "<group>"; };
		7EBEFA922241F44E00250B65 /* master.c */ = {isa = PBXFileReference; fileEncoding = 4; lastKnownFileType = sourcecode.c.c; path = master.c; sourceTree = "<group>"; };
		7EBEFA932241F44E00250B65 /* subprob.c */ = {isa = PBXFileReference; fileEncoding = 4; lastKnownFileType = sourcecode.c.c; path = subprob.c; sourceTree = "<group>"; };
		7EBEFA942241F44E00250B65 /* evaluate.c */ = {isa = PBXFileReference; fileEncoding = 4; lastKnownFileType = sourcecode.c.c; path = evaluate.c; sourceTree = "<group>"; };
		7EBEFA952241F44E00250B65 /* setup.c */ = {isa = PBXFileReference; fileEncoding = 4; lastKnownFileType = sourcecode.c.c; path = setup.c; sourceTree = "<group>"; };
		7EBEFA962241F44E00250B65 /* cuts.c */ = {isa = PBXFileReference; fileEncoding = 4; lastKnownFileType = sourcecode.c.c; path = cuts.c; sourceTree = "<group>"; };
		7EBEFA972241F44E00250B65 /* benders.h */ = {isa = PBXFileReference; fileEncoding = 4; lastKnownFileType = sourcecode.c.h; path = benders.h; sourceTree = "<group>"; };
		7EBEFA982241F44E00250B65 /* algo.c */ = {isa = PBXFileReference; fileEncoding = 4; lastKnownFileType = sourcecode.c.c; path = algo.c; sourceTree = "<group>"; };
		7EBEFA992241F44E00250B65 /* config.benders */ = {isa = PBXFileReference; fileEncoding = 4; lastKnownFileType = text; path = config.benders; sourceTree = "<group>"; };
		7EBEFA9C2241F44F00250B65 /* pltexpA3_16.cor */ = {isa = PBXFileReference; fileEncoding = 4; lastKnownFileType = text; path = pltexpA3_16.cor; sourceTree = "<group>"; };
		7EBEFA9D2241F44F00250B65 /* pltexpA3_16.tim */ = {isa = PBXFileReference; fileEncoding = 4; lastKnownFileType = text; path = pltexpA3_16.tim; sourceTree = "<group>"; };
		7EBEFA9E2241F44F00250B65 /* pltexpA3_16.sto */ = {isa = PBXFileReference; fileEncoding = 4; lastKnownFileType = text; path = pltexpA3_16.sto; sourceTree = "<group>"; };
		7EBEFAA02241F44F00250B65 /* cap41.tim */ = {isa = PBXFileReference; fileEncoding = 4; lastKnownFileType = text; path = cap41.tim; sourceTree = "<group>"; };
		7EBEFAA12241F44F00250B65 /* cap41.sto */ = {isa = PBXFileReference; fileEncoding = 4; lastKnownFileType = text; path = cap41.sto; sourceTree = "<group>"; };
		7EBEFAA22241F44F00250B65 /* cap41.cor */ = {isa = PBXFileReference; fileEncoding = 4; lastKnownFileType = text; path = cap41.cor; sourceTree = "<group>"; };
		7EBEFAA42241F44F00250B65 /* dim4.cor */ = {isa = PBXFileReference; fileEncoding = 4; lastKnownFileType = text; path = dim4.cor; sourceTree = "<group>"; };
		7EBEFAA52241F44F00250B65 /* dim4.tim */ = {isa = PBXFileReference; fileEncoding = 4; lastKnownFileType = text; path = dim4.tim; sourceTree = "<group>"; };
		7EBEFAA62241F44F00250B65 /* dim4.sto */ = {isa = PBXFileReference; fileEncoding = 4; lastKnownFileType = text; path = dim4.sto; sourceTree = "<group>"; };
		7EBEFAA82241F44F00250B65 /* dim3.cor */ = {isa = PBXFileReference; fileEncoding = 4; lastKnownFileType = text; path = dim3.cor; sourceTree = "<group>"; };
		7EBEFAA92241F44F00250B65 /* dim3.tim */ = {isa = PBXFileReference; fileEncoding = 4; lastKnownFileType = text; path = dim3.tim; sourceTree = "<group>"; };
		7EBEFAAA2241F44F00250B65 /* dim3.sto */ = {isa = PBXFileReference; fileEncoding = 4; lastKnownFileType = text; path = dim3.sto; sourceTree = "<group>"; };
		7EBEFAAC2241F44F00250B65 /* pltexpA4.cor */ = {isa = PBXFileReference; fileEncoding = 4; lastKnownFileType = text; path = pltexpA4.cor; sourceTree = "<group>"; };
		7EBEFAAD2241F44F00250B65 /* pltexpA4.tim */ = {isa = PBXFileReference; fileEncoding = 4; lastKnownFileType = text; path = pltexpA4.tim; sourceTree = "<group>"; };
		7EBEFAAE2241F44F00250B65 /* pltexpB4_6.sto */ = {isa = PBXFileReference; fileEncoding = 4; lastKnownFileType = text; path = pltexpB4_6.sto; sourceTree = "<group>"; };
		7EBEFAAF2241F44F00250B65 /* pltexpA4.sto */ = {isa = PBXFileReference; fileEncoding = 4; lastKnownFileType = text; path = pltexpA4.sto; sourceTree = "<group>"; };
		7EBEFAB02241F44F00250B65 /* pltexpB5_6.sto */ = {isa = PBXFileReference; fileEncoding = 4; lastKnownFileType = text; path = pltexpB5_6.sto; sourceTree = "<group>"; };
		7EBEFAB22241F44F00250B65 /* ssn_rc2.lp */ = {isa = PBXFileReference; fileEncoding = 4; lastKnownFileType = sourcecode.lex; path = ssn_rc2.lp; sourceTree = "<group>"; };
		7EBEFAB32241F44F00250B65 /* ssn_rc2.cor */ = {isa = PBXFileReference; fileEncoding = 4; lastKnownFileType = text; path = ssn_rc2.cor; sourceTree = "<group>"; };
		7EBEFAB42241F44F00250B65 /* ssn_rc2.tim */ = {isa = PBXFileReference; fileEncoding = 4; lastKnownFileType = text; path = ssn_rc2.tim; sourceTree = "<group>"; };
		7EBEFAB52241F44F00250B65 /* ssn_rc2.sto */ = {isa = PBXFileReference; fileEncoding = 4; lastKnownFileType = text; path = ssn_rc2.sto; sourceTree = "<group>"; };
		7EBEFAB72241F44F00250B65 /* fxm2_6.tim */ = {isa = PBXFileReference; fileEncoding = 4; lastKnownFileType = text; path = fxm2_6.tim; sourceTree = "<group>"; };
		7EBEFAB82241F44F00250B65 /* fxm2_6.sto */ = {isa = PBXFileReference; fileEncoding = 4; lastKnownFileType = text; path = fxm2_6.sto; sourceTree = "<group>"; };
		7EBEFAB92241F44F00250B65 /* fxm2_6.cor */ = {isa = PBXFileReference; fileEncoding = 4; lastKnownFileType = text; path = fxm2_6.cor; sourceTree = "<group>"; };
		7EBEFABB2241F44F00250B65 /* pltexpA3.cor */ = {isa = PBXFileReference; fileEncoding = 4; lastKnownFileType = text; path = pltexpA3.cor; sourceTree = "<group>"; };
		7EBEFABC2241F44F00250B65 /* pltexpA3.tim */ = {isa = PBXFileReference; fileEncoding = 4; lastKnownFileType = text; path = pltexpA3.tim; sourceTree = "<group>"; };
		7EBEFABD2241F44F00250B65 /* pltexpA3.sto */ = {isa = PBXFileReference; fileEncoding = 4; lastKnownFileType = text; path = pltexpA3.sto; sourceTree = "<group>"; };
		7EBEFABF2241F44F00250B65 /* fxm4_16.tim */ = {isa = PBXFileReference; fileEncoding = 4; lastKnownFileType = text; path = fxm4_16.tim; sourceTree = "<group>"; };
		7EBEFAC02241F44F00250B65 /* fxm4_16.sto */ = {isa = PBXFileReference; fileEncoding = 4; lastKnownFileType = text; path = fxm4_16.sto; sourceTree = "<group>"; };
		7EBEFAC12241F44F00250B65 /* fxm4_16.cor */ = {isa = PBXFileReference; fileEncoding = 4; lastKnownFileType = text; path = fxm4_16.cor; sourceTree = "<group>"; };
		7EBEFAC32241F44F00250B65 /* dim2.cor */ = {isa = PBXFileReference; fileEncoding = 4; lastKnownFileType = text; path = dim2.cor; sourceTree = "<group>"; };
		7EBEFAC42241F44F00250B65 /* dim2.tim */ = {isa = PBXFileReference; fileEncoding = 4; lastKnownFileType = text; path = dim2.tim; sourceTree = "<group>"; };
		7EBEFAC52241F44F00250B65 /* dim2.sto */ = {isa = PBXFileReference; fileEncoding = 4; lastKnownFileType = text; path = dim2.sto; sourceTree = "<group>"; };
		7EBEFAC72241F44F00250B65 /* ssn_rc4.cor */ = {isa = PBXFileReference; fileEncoding = 4; lastKnownFileType = text; path = ssn_rc4.cor; sourceTree = "<group>"; };
		7EBEFAC82241F44F00250B65 /* ssn_rc4.tim */ = {isa = PBXFileReference; fileEncoding = 4; lastKnownFileType = text; path = ssn_rc4.tim; sourceTree = "<group>"; };
		7EBEFAC92241F44F00250B65 /* ssn_rc4.sto */ = {isa = PBXFileReference; fileEncoding = 4; lastKnownFileType = text; path = ssn_rc4.sto; sourceTree = "<group>"; };
		7EBEFACA2241F44F00250B65 /* ssn_rc4.lp */ = {isa = PBXFileReference; fileEncoding = 4; lastKnownFileType = sourcecode.lex; path = ssn_rc4.lp; sourceTree = "<group>"; };
		7EBEFACC2241F44F00250B65 /* pltexpA2.cor */ = {isa = PBXFileReference; fileEncoding = 4; lastKnownFileType = text; path = pltexpA2.cor; sourceTree = "<group>"; };
		7EBEFACD2241F44F00250B65 /* pltexpA2.tim */ = {isa = PBXFileReference; fileEncoding = 4; lastKnownFileType = text; path = pltexpA2.tim; sourceTree = "<group>"; };
		7EBEFACE2241F44F00250B65 /* pltexpA2.sto */ = {isa = PBXFileReference; fileEncoding = 4; lastKnownFileType = text; path = pltexpA2.sto; sourceTree = "<group>"; };
		7EBEFAD02241F44F00250B65 /* pltexpA5.cor */ = {isa = PBXFileReference; fileEncoding = 4; lastKnownFileType = text; path = pltexpA5.cor; sourceTree = "<group>"; };
		7EBEFAD12241F44F00250B65 /* pltexpA5_16.sto */ = {isa = PBXFileReference; fileEncoding = 4; lastKnownFileType = text; path = pltexpA5_16.sto; sourceTree = "<group>"; };
		7EBEFAD22241F44F00250B65 /* pltexpA5.tim */ = {isa = PBXFileReference; fileEncoding = 4; lastKnownFileType = text; path = pltexpA5.tim; sourceTree = "<group>"; };
		7EBEFAD32241F44F00250B65 /* pltexpA5.sto */ = {isa = PBXFileReference; fileEncoding = 4; lastKnownFileType = text; path = pltexpA5.sto; sourceTree = "<group>"; };
		7EBEFAD52241F44F00250B65 /* ssn_rc3.lp */ = {isa = PBXFileReference; fileEncoding = 4; lastKnownFileType = sourcecode.lex; path = ssn_rc3.lp; sourceTree = "<group>"; };
		7EBEFAD62241F44F00250B65 /* ssn_rc3.cor */ = {isa = PBXFileReference; fileEncoding = 4; lastKnownFileType = text; path = ssn_rc3.cor; sourceTree = "<group>"; };
		7EBEFAD72241F44F00250B65 /* ssn_rc3.tim */ = {isa = PBXFileReference; fileEncoding = 4; lastKnownFileType = text; path = ssn_rc3.tim; sourceTree = "<group>"; };
		7EBEFAD82241F44F00250B65 /* ssn_rc3.sto */ = {isa = PBXFileReference; fileEncoding = 4; lastKnownFileType = text; path = ssn_rc3.sto; sourceTree = "<group>"; };
		7EBEFADA2241F44F00250B65 /* lgsc.sto */ = {isa = PBXFileReference; fileEncoding = 4; lastKnownFileType = text; path = lgsc.sto; sourceTree = "<group>"; };
		7EBEFADB2241F44F00250B65 /* lgsc.tim */ = {isa = PBXFileReference; fileEncoding = 4; lastKnownFileType = text; path = lgsc.tim; sourceTree = "<group>"; };
		7EBEFADC2241F44F00250B65 /* lgsc.cor */ = {isa = PBXFileReference; fileEncoding = 4; lastKnownFileType = text; path = lgsc.cor; sourceTree = "<group>"; };
		7EBEFADE2241F44F00250B65 /* lgsc.mod */ = {isa = PBXFileReference; fileEncoding = 4; lastKnownFileType = text; path = lgsc.mod; sourceTree = "<group>"; };
		7EBEFADF2241F44F00250B65 /* lgsc.dat */ = {isa = PBXFileReference; fileEncoding = 4; lastKnownFileType = text; path = lgsc.dat; sourceTree = "<group>"; };
		7EBEFAE12241F44F00250B65 /* pltexpA2_16.tim */ = {isa = PBXFileReference; fileEncoding = 4; lastKnownFileType = text; path = pltexpA2_16.tim; sourceTree = "<group>"; };
		7EBEFAE22241F44F00250B65 /* pltexpA2_16.sto */ = {isa = PBXFileReference; fileEncoding = 4; lastKnownFileType = text; path = pltexpA2_16.sto; sourceTree = "<group>"; };
		7EBEFAE32241F44F00250B65 /* pltexpA2_16.cor */ = {isa = PBXFileReference; fileEncoding = 4; lastKnownFileType = text; path = pltexpA2_16.cor; sourceTree = "<group>"; };
		7EBEFAE52241F44F00250B65 /* PGP2.st2 */ = {isa = PBXFileReference; fileEncoding = 4; lastKnownFileType = text; path = PGP2.st2; sourceTree = "<group>"; };
		7EBEFAE62241F44F00250B65 /* pgp2.cor */ = {isa = PBXFileReference; fileEncoding = 4; lastKnownFileType = text; path = pgp2.cor; sourceTree = "<group>"; };
		7EBEFAE72241F44F00250B65 /* PGP2.st3 */ = {isa = PBXFileReference; fileEncoding = 4; lastKnownFileType = text; path = PGP2.st3; sourceTree = "<group>"; };
		7EBEFAE82241F44F00250B65 /* pgp2.sto */ = {isa = PBXFileReference; fileEncoding = 4; lastKnownFileType = text; path = pgp2.sto; sourceTree = "<group>"; };
		7EBEFAE92241F44F00250B65 /* pgp2.tim */ = {isa = PBXFileReference; fileEncoding = 4; lastKnownFileType = text; path = pgp2.tim; sourceTree = "<group>"; };
		7EBEFAEB2241F44F00250B65 /* transship.sto */ = {isa = PBXFileReference; fileEncoding = 4; lastKnownFileType = text; path = transship.sto; sourceTree = "<group>"; };
		7EBEFAEC2241F44F00250B65 /* transship.tim */ = {isa = PBXFileReference; fileEncoding = 4; lastKnownFileType = text; path = transship.tim; sourceTree = "<group>"; };
		7EBEFAED2241F44F00250B65 /* transship.cor */ = {isa = PBXFileReference; fileEncoding = 4; lastKnownFileType = text; path = transship.cor; sourceTree = "<group>"; };
		7EBEFAEF2241F44F00250B65 /* illi60.cor */ = {isa = PBXFileReference; fileEncoding = 4; lastKnownFileType = text; path = illi60.cor; sourceTree = "<group>"; };
		7EBEFAF02241F44F00250B65 /* illi60.sto */ = {isa = PBXFileReference; fileEncoding = 4; lastKnownFileType = text; path = illi60.sto; sourceTree = "<group>"; };
		7EBEFAF12241F44F00250B65 /* illi60.tim */ = {isa = PBXFileReference; fileEncoding = 4; lastKnownFileType = text; path = illi60.tim; sourceTree = "<group>"; };
		7EBEFAF32241F44F00250B65 /* ieee30_ed.sto */ = {isa = PBXFileReference; fileEncoding = 4; lastKnownFileType = text; path = ieee30_ed.sto; sourceTree = "<group>"; };
		7EBEFAF42241F44F00250B65 /* ieee30_ed.tim */ = {isa = PBXFileReference; fileEncoding = 4; lastKnownFileType = text; path = ieee30_ed.tim; sourceTree = "<group>"; };
		7EBEFAF52241F44F00250B65 /* ieee30_ed.cor */ = {isa = PBXFileReference; fileEncoding = 4; lastKnownFileType = text; path = ieee30_ed.cor; sourceTree = "<group>"; };
		7EBEFAF72241F44F00250B65 /* 4node.sto */ = {isa = PBXFileReference; fileEncoding = 4; lastKnownFileType = text; path = 4node.sto; sourceTree = "<group>"; };
		7EBEFAF82241F44F00250B65 /* 4node.tim */ = {isa = PBXFileReference; fileEncoding = 4; lastKnownFileType = text; path = 4node.tim; sourceTree = "<group>"; };
		7EBEFAF92241F44F00250B65 /* 4node.cor */ = {isa = PBXFileReference; fileEncoding = 4; lastKnownFileType = text; path = 4node.cor; sourceTree = "<group>"; };
		7EBEFAFA2241F44F00250B65 /* 4node.mps */ = {isa = PBXFileReference; fileEncoding = 4; lastKnownFileType = text; path = 4node.mps; sourceTree = "<group>"; };
		7EBEFAFC2241F44F00250B65 /* baa99-20.cor */ = {isa = PBXFileReference; fileEncoding = 4; lastKnownFileType = text; path = "baa99-20.cor"; sourceTree = "<group>"; };
		7EBEFAFD2241F44F00250B65 /* baa99-20.tim */ = {isa = PBXFileReference; fileEncoding = 4; lastKnownFileType = text; path = "baa99-20.tim"; sourceTree = "<group>"; };
		7EBEFAFE2241F44F00250B65 /* baa99-20.sto */ = {isa = PBXFileReference; fileEncoding = 4; lastKnownFileType = text; path = "baa99-20.sto"; sourceTree = "<group>"; };
		7EBEFB002241F44F00250B65 /* illi10.cor */ = {isa = PBXFileReference; fileEncoding = 4; lastKnownFileType = text; path = illi10.cor; sourceTree = "<group>"; };
		7EBEFB012241F44F00250B65 /* illi10.tim */ = {isa = PBXFileReference; fileEncoding = 4; lastKnownFileType = text; path = illi10.tim; sourceTree = "<group>"; };
		7EBEFB022241F44F00250B65 /* illi10.sto */ = {isa = PBXFileReference; fileEncoding = 4; lastKnownFileType = text; path = illi10.sto; sourceTree = "<group>"; };
		7EBEFB042241F44F00250B65 /* stocfor3.tim */ = {isa = PBXFileReference; fileEncoding = 4; lastKnownFileType = text; path = stocfor3.tim; sourceTree = "<group>"; };
		7EBEFB052241F44F00250B65 /* stocfor3.sto */ = {isa = PBXFileReference; fileEncoding = 4; lastKnownFileType = text; path = stocfor3.sto; sourceTree = "<group>"; };
		7EBEFB062241F44F00250B65 /* stocfor3.cor */ = {isa = PBXFileReference; fileEncoding = 4; lastKnownFileType = text; path = stocfor3.cor; sourceTree = "<group>"; };
		7EBEFB082241F44F00250B65 /* sgpf5y6.cor */ = {isa = PBXFileReference; fileEncoding = 4; lastKnownFileType = text; path = sgpf5y6.cor; sourceTree = "<group>"; };
		7EBEFB092241F44F00250B65 /* sgpf5y6.tim */ = {isa = PBXFileReference; fileEncoding = 4; lastKnownFileType = text; path = sgpf5y6.tim; sourceTree = "<group>"; };
		7EBEFB0A2241F44F00250B65 /* sgpf5y6.sce */ = {isa = PBXFileReference; fileEncoding = 4; lastKnownFileType = text; path = sgpf5y6.sce; sourceTree = "<group>"; };
		7EBEFB0C2241F44F00250B65 /* 20.sto */ = {isa = PBXFileReference; fileEncoding = 4; lastKnownFileType = text; path = 20.sto; sourceTree = "<group>"; };
		7EBEFB0D2241F44F00250B65 /* 20.tim */ = {isa = PBXFileReference; fileEncoding = 4; lastKnownFileType = text; path = 20.tim; sourceTree = "<group>"; };
		7EBEFB0E2241F44F00250B65 /* 20.cor */ = {isa = PBXFileReference; fileEncoding = 4; lastKnownFileType = text; path = 20.cor; sourceTree = "<group>"; };
		7EBEFB0F2241F44F00250B65 /* 20.mps */ = {isa = PBXFileReference; fileEncoding = 4; lastKnownFileType = text; path = 20.mps; sourceTree = "<group>"; };
		7EBEFB112241F45000250B65 /* retail.cor */ = {isa = PBXFileReference; fileEncoding = 4; lastKnownFileType = text; path = retail.cor; sourceTree = "<group>"; };
		7EBEFB122241F45000250B65 /* retail.tim */ = {isa = PBXFileReference; fileEncoding = 4; lastKnownFileType = text; path = retail.tim; sourceTree = "<group>"; };
		7EBEFB132241F45000250B65 /* retail.sto */ = {isa = PBXFileReference; fileEncoding = 4; lastKnownFileType = text; path = retail.sto; sourceTree = "<group>"; };
		7EBEFB152241F45000250B65 /* stocfor2.tim */ = {isa = PBXFileReference; fileEncoding = 4; lastKnownFileType = text; path = stocfor2.tim; sourceTree = "<group>"; };
		7EBEFB162241F45000250B65 /* stocfor2.sto */ = {isa = PBXFileReference; fileEncoding = 4; lastKnownFileType = text; path = stocfor2.sto; sourceTree = "<group>"; };
		7EBEFB172241F45000250B65 /* readme.local */ = {isa = PBXFileReference; fileEncoding = 4; lastKnownFileType = text; path = readme.local; sourceTree = "<group>"; };
		7EBEFB182241F45000250B65 /* stocfor2.cor */ = {isa = PBXFileReference; fileEncoding = 4; lastKnownFileType = text; path = stocfor2.cor; sourceTree = "<group>"; };
		7EBEFB1A2241F45000250B65 /* ssn.sto */ = {isa = PBXFileReference; fileEncoding = 4; lastKnownFileType = text; path = ssn.sto; sourceTree = "<group>"; };
		7EBEFB1B2241F45000250B65 /* ssnsd.tim */ = {isa = PBXFileReference; fileEncoding = 4; lastKnownFileType = text; path = ssnsd.tim; sourceTree = "<group>"; };
		7EBEFB1C2241F45000250B65 /* ssn.tim */ = {isa = PBXFileReference; fileEncoding = 4; lastKnownFileType = text; path = ssn.tim; sourceTree = "<group>"; };
		7EBEFB1D2241F45000250B65 /* ssn.cor */ = {isa = PBXFileReference; fileEncoding = 4; lastKnownFileType = text; path = ssn.cor; sourceTree = "<group>"; };
		7EBEFB1E2241F45000250B65 /* ssn.mps */ = {isa = PBXFileReference; fileEncoding = 4; lastKnownFileType = text; path = ssn.mps; sourceTree = "<group>"; };
		7EBEFB202241F45000250B65 /* pltexpA7.cor */ = {isa = PBXFileReference; fileEncoding = 4; lastKnownFileType = text; path = pltexpA7.cor; sourceTree = "<group>"; };
		7EBEFB212241F45000250B65 /* pltexpA7.tim */ = {isa = PBXFileReference; fileEncoding = 4; lastKnownFileType = text; path = pltexpA7.tim; sourceTree = "<group>"; };
		7EBEFB222241F45000250B65 /* pltexpA7_16.sto */ = {isa = PBXFileReference; fileEncoding = 4; lastKnownFileType = text; path = pltexpA7_16.sto; sourceTree = "<group>"; };
		7EBEFB232241F45000250B65 /* pltexpA7.sto */ = {isa = PBXFileReference; fileEncoding = 4; lastKnownFileType = text; path = pltexpA7.sto; sourceTree = "<group>"; };
		7EBEFB252241F45000250B65 /* ssn_rc1.cor */ = {isa = PBXFileReference; fileEncoding = 4; lastKnownFileType = text; path = ssn_rc1.cor; sourceTree = "<group>"; };
		7EBEFB262241F45000250B65 /* ssn_rc1.tim */ = {isa = PBXFileReference; fileEncoding = 4; lastKnownFileType = text; path = ssn_rc1.tim; sourceTree = "<group>"; };
		7EBEFB272241F45000250B65 /* ssn_rc1.sto */ = {isa = PBXFileReference; fileEncoding = 4; lastKnownFileType = text; path = ssn_rc1.sto; sourceTree = "<group>"; };
		7EBEFB292241F45000250B65 /* sgpf5y5_block.cor */ = {isa = PBXFileReference; fileEncoding = 4; lastKnownFileType = text; path = sgpf5y5_block.cor; sourceTree = "<group>"; };
		7EBEFB2A2241F45000250B65 /* sgpf5y5_block.tim */ = {isa = PBXFileReference; fileEncoding = 4; lastKnownFileType = text; path = sgpf5y5_block.tim; sourceTree = "<group>"; };
		7EBEFB2B2241F45000250B65 /* sgpf5y5_block.sto */ = {isa = PBXFileReference; fileEncoding = 4; lastKnownFileType = text; path = sgpf5y5_block.sto; sourceTree = "<group>"; };
		7EBEFB2D2241F45000250B65 /* pltexpA6_16.sto */ = {isa = PBXFileReference; fileEncoding = 4; lastKnownFileType = text; path = pltexpA6_16.sto; sourceTree = "<group>"; };
		7EBEFB2E2241F45000250B65 /* pltexpA6.cor */ = {isa = PBXFileReference; fileEncoding = 4; lastKnownFileType = text; path = pltexpA6.cor; sourceTree = "<group>"; };
		7EBEFB2F2241F45000250B65 /* pltexpA6.tim */ = {isa = PBXFileReference; fileEncoding = 4; lastKnownFileType = text; path = pltexpA6.tim; sourceTree = "<group>"; };
		7EBEFB302241F45000250B65 /* pltexpA6.sto */ = {isa = PBXFileReference; fileEncoding = 4; lastKnownFileType = text; path = pltexpA6.sto; sourceTree = "<group>"; };
		7EBEFB322241F45000250B65 /* fxm4_6.tim */ = {isa = PBXFileReference; fileEncoding = 4; lastKnownFileType = text; path = fxm4_6.tim; sourceTree = "<group>"; };
		7EBEFB332241F45000250B65 /* fxm4_6.sto */ = {isa = PBXFileReference; fileEncoding = 4; lastKnownFileType = text; path = fxm4_6.sto; sourceTree = "<group>"; };
		7EBEFB342241F45000250B65 /* fxm4_6.cor */ = {isa = PBXFileReference; fileEncoding = 4; lastKnownFileType = text; path = fxm4_6.cor; sourceTree = "<group>"; };
		7EBEFB362241F45000250B65 /* dim1.cor */ = {isa = PBXFileReference; fileEncoding = 4; lastKnownFileType = text; path = dim1.cor; sourceTree = "<group>"; };
		7EBEFB372241F45000250B65 /* dim1.tim */ = {isa = PBXFileReference; fileEncoding = 4; lastKnownFileType = text; path = dim1.tim; sourceTree = "<group>"; };
		7EBEFB382241F45000250B65 /* dim1.sto */ = {isa = PBXFileReference; fileEncoding = 4; lastKnownFileType = text; path = dim1.sto; sourceTree = "<group>"; };
		7EBEFB3A2241F45000250B65 /* sgpf5y3_block.cor */ = {isa = PBXFileReference; fileEncoding = 4; lastKnownFileType = text; path = sgpf5y3_block.cor; sourceTree = "<group>"; };
		7EBEFB3B2241F45000250B65 /* sgpf5y3_block.tim */ = {isa = PBXFileReference; fileEncoding = 4; lastKnownFileType = text; path = sgpf5y3_block.tim; sourceTree = "<group>"; };
		7EBEFB3C2241F45000250B65 /* sgpf5y3_block.sto */ = {isa = PBXFileReference; fileEncoding = 4; lastKnownFileType = text; path = sgpf5y3_block.sto; sourceTree = "<group>"; };
		7EBEFB3E2241F45000250B65 /* iit118.cor */ = {isa = PBXFileReference; fileEncoding = 4; lastKnownFileType = text; path = iit118.cor; sourceTree = "<group>"; };
		7EBEFB3F2241F45000250B65 /* iit118.lp */ = {isa = PBXFileReference; fileEncoding = 4; lastKnownFileType = sourcecode.lex; path = iit118.lp; sourceTree = "<group>"; };
		7EBEFB402241F45000250B65 /* iit118.mod */ = {isa = PBXFileReference; fileEncoding = 4; lastKnownFileType = text; path = iit118.mod; sourceTree = "<group>"; };
		7EBEFB412241F45000250B65 /* iit118.sto */ = {isa = PBXFileReference; fileEncoding = 4; lastKnownFileType = text; path = iit118.sto; sourceTree = "<group>"; };
		7EBEFB422241F45000250B65 /* iit118.tim */ = {isa = PBXFileReference; fileEncoding = 4; lastKnownFileType = text; path = iit118.tim; sourceTree = "<group>"; };
		7EBEFB442241F45000250B65 /* sgpf5y4_block.cor */ = {isa = PBXFileReference; fileEncoding = 4; lastKnownFileType = text; path = sgpf5y4_block.cor; sourceTree = "<group>"; };
		7EBEFB452241F45000250B65 /* sgpf5y4_block.sto */ = {isa = PBXFileReference; fileEncoding = 4; lastKnownFileType = text; path = sgpf5y4_block.sto; sourceTree = "<group>"; };
		7EBEFB462241F45000250B65 /* sgpf5y4_block.tim */ = {isa = PBXFileReference; fileEncoding = 4; lastKnownFileType = text; path = sgpf5y4_block.tim; sourceTree = "<group>"; };
		7EBEFB482241F45000250B65 /* fxm3_6.sto */ = {isa = PBXFileReference; fileEncoding = 4; lastKnownFileType = text; path = fxm3_6.sto; sourceTree = "<group>"; };
		7EBEFB492241F45000250B65 /* fxm3_6.tim */ = {isa = PBXFileReference; fileEncoding = 4; lastKnownFileType = text; path = fxm3_6.tim; sourceTree = "<group>"; };
		7EBEFB4A2241F45000250B65 /* fxm3_6.cor */ = {isa = PBXFileReference; fileEncoding = 4; lastKnownFileType = text; path = fxm3_6.cor; sourceTree = "<group>"; };
		7EBEFB4C2241F45000250B65 /* fxm2_16.sto */ = {isa = PBXFileReference; fileEncoding = 4; lastKnownFileType = text; path = fxm2_16.sto; sourceTree = "<group>"; };
		7EBEFB4D2241F45000250B65 /* fxm2_16.tim */ = {isa = PBXFileReference; fileEncoding = 4; lastKnownFileType = text; path = fxm2_16.tim; sourceTree = "<group>"; };
		7EBEFB4E2241F45000250B65 /* fxm2_16.cor */ = {isa = PBXFileReference; fileEncoding = 4; lastKnownFileType = text; path = fxm2_16.cor; sourceTree = "<group>"; };
		7EBEFB502241F45000250B65 /* sgpf5y6_block.sto */ = {isa = PBXFileReference; fileEncoding = 4; lastKnownFileType = text; path = sgpf5y6_block.sto; sourceTree = "<group>"; };
		7EBEFB512241F45000250B65 /* sgpf5y6_block.tim */ = {isa = PBXFileReference; fileEncoding = 4; lastKnownFileType = text; path = sgpf5y6_block.tim; sourceTree = "<group>"; };
		7EBEFB522241F45000250B65 /* sgpf5y6_block.cor */ = {isa = PBXFileReference; fileEncoding = 4; lastKnownFileType = text; path = sgpf5y6_block.cor; sourceTree = "<group>"; };
		7EBEFB542241F45000250B65 /* sgsc.cor */ = {isa = PBXFileReference; fileEncoding = 4; lastKnownFileType = text; path = sgsc.cor; sourceTree = "<group>"; };
		7EBEFB552241F45000250B65 /* sgsc.tim */ = {isa = PBXFileReference; fileEncoding = 4; lastKnownFileType = text; path = sgsc.tim; sourceTree = "<group>"; };
		7EBEFB572241F45000250B65 /* sgsc.dat */ = {isa = PBXFileReference; fileEncoding = 4; lastKnownFileType = text; path = sgsc.dat; sourceTree = "<group>"; };
		7EBEFB582241F45000250B65 /* sgsc.mod */ = {isa = PBXFileReference; fileEncoding = 4; lastKnownFileType = text; path = sgsc.mod; sourceTree = "<group>"; };
		7EBEFB592241F45000250B65 /* sgsc.sto */ = {isa = PBXFileReference; fileEncoding = 4; lastKnownFileType = text; path = sgsc.sto; sourceTree = "<group>"; };
		7EBEFB5B2241F45000250B65 /* nrel118.cor */ = {isa = PBXFileReference; fileEncoding = 4; lastKnownFileType = text; path = nrel118.cor; sourceTree = "<group>"; };
		7EBEFB5C2241F45000250B65 /* nrel118.tim */ = {isa = PBXFileReference; fileEncoding = 4; lastKnownFileType = text; path = nrel118.tim; sourceTree = "<group>"; };
		7EBEFB5D2241F45000250B65 /* nrel118.lp */ = {isa = PBXFileReference; fileEncoding = 4; lastKnownFileType = sourcecode.lex; path = nrel118.lp; sourceTree = "<group>"; };
		7EBEFB5E2241F45000250B65 /* nrel118.mod */ = {isa = PBXFileReference; fileEncoding = 4; lastKnownFileType = text; path = nrel118.mod; sourceTree = "<group>"; };
		7EBEFB5F2241F45000250B65 /* nrel118.sto */ = {isa = PBXFileReference; fileEncoding = 4; lastKnownFileType = text; path = nrel118.sto; sourceTree = "<group>"; };
		7EBEFB612241F45000250B65 /* lands3.tim */ = {isa = PBXFileReference; fileEncoding = 4; lastKnownFileType = text; path = lands3.tim; sourceTree = "<group>"; };
		7EBEFB622241F45000250B65 /* lands3.sto */ = {isa = PBXFileReference; fileEncoding = 4; lastKnownFileType = text; path = lands3.sto; sourceTree = "<group>"; };
		7EBEFB632241F45000250B65 /* lands3.cor */ = {isa = PBXFileReference; fileEncoding = 4; lastKnownFileType = text; path = lands3.cor; sourceTree = "<group>"; };
		7EBEFB652241F45000250B65 /* storm.tim */ = {isa = PBXFileReference; fileEncoding = 4; lastKnownFileType = text; path = storm.tim; sourceTree = "<group>"; };
		7EBEFB662241F45000250B65 /* storm.sto */ = {isa = PBXFileReference; fileEncoding = 4; lastKnownFileType = text; path = storm.sto; sourceTree = "<group>"; };
		7EBEFB672241F45000250B65 /* storm.mps */ = {isa = PBXFileReference; fileEncoding = 4; lastKnownFileType = text; path = storm.mps; sourceTree = "<group>"; };
		7EBEFB682241F45000250B65 /* storm.cor */ = {isa = PBXFileReference; fileEncoding = 4; lastKnownFileType = text; path = storm.cor; sourceTree = "<group>"; };
		7EBEFB6A2241F45000250B65 /* sgpf5y5.cor */ = {isa = PBXFileReference; fileEncoding = 4; lastKnownFileType = text; path = sgpf5y5.cor; sourceTree = "<group>"; };
		7EBEFB6B2241F45000250B65 /* sgpf5y5.tim */ = {isa = PBXFileReference; fileEncoding = 4; lastKnownFileType = text; path = sgpf5y5.tim; sourceTree = "<group>"; };
		7EBEFB6C2241F45000250B65 /* sgpf5y5.sce */ = {isa = PBXFileReference; fileEncoding = 4; lastKnownFileType = text; path = sgpf5y5.sce; sourceTree = "<group>"; };
		7EBEFB6E2241F45000250B65 /* pltexpA4_16.sto */ = {isa = PBXFileReference; fileEncoding = 4; lastKnownFileType = text; path = pltexpA4_16.sto; sourceTree = "<group>"; };
		7EBEFB6F2241F45000250B65 /* pltexpA4_16.tim */ = {isa = PBXFileReference; fileEncoding = 4; lastKnownFileType = text; path = pltexpA4_16.tim; sourceTree = "<group>"; };
		7EBEFB702241F45000250B65 /* pltexpA4_16.cor */ = {isa = PBXFileReference; fileEncoding = 4; lastKnownFileType = text; path = pltexpA4_16.cor; sourceTree = "<group>"; };
		7EBEFB722241F45000250B65 /* cep.cor */ = {isa = PBXFileReference; fileEncoding = 4; lastKnownFileType = text; path = cep.cor; sourceTree = "<group>"; };
		7EBEFB732241F45000250B65 /* cep.mps */ = {isa = PBXFileReference; fileEncoding = 4; lastKnownFileType = text; path = cep.mps; sourceTree = "<group>"; };
		7EBEFB742241F45000250B65 /* cep.sto */ = {isa = PBXFileReference; fileEncoding = 4; lastKnownFileType = text; path = cep.sto; sourceTree = "<group>"; };
		7EBEFB752241F45000250B65 /* cep.tim */ = {isa = PBXFileReference; fileEncoding = 4; lastKnownFileType = text; path = cep.tim; sourceTree = "<group>"; };
		7EBEFB772241F45000250B65 /* sgpf5y4.cor */ = {isa = PBXFileReference; fileEncoding = 4; lastKnownFileType = text; path = sgpf5y4.cor; sourceTree = "<group>"; };
		7EBEFB782241F45000250B65 /* sgpf5y4.tim */ = {isa = PBXFileReference; fileEncoding = 4; lastKnownFileType = text; path = sgpf5y4.tim; sourceTree = "<group>"; };
		7EBEFB792241F45000250B65 /* sgpf5y4.sce */ = {isa = PBXFileReference; fileEncoding = 4; lastKnownFileType = text; path = sgpf5y4.sce; sourceTree = "<group>"; };
		7EBEFB7B2241F45000250B65 /* nrel118_aggr.mod */ = {isa = PBXFileReference; fileEncoding = 4; lastKnownFileType = text; path = nrel118_aggr.mod; sourceTree = "<group>"; };
		7EBEFB7C2241F45000250B65 /* nrel118_aggr.sto */ = {isa = PBXFileReference; fileEncoding = 4; lastKnownFileType = text; path = nrel118_aggr.sto; sourceTree = "<group>"; };
		7EBEFB7D2241F45000250B65 /* cplex.log */ = {isa = PBXFileReference; fileEncoding = 4; lastKnownFileType = text; path = cplex.log; sourceTree = "<group>"; };
		7EBEFB7E2241F45000250B65 /* nrel118_aggr.tim */ = {isa = PBXFileReference; fileEncoding = 4; lastKnownFileType = text; path = nrel118_aggr.tim; sourceTree = "<group>"; };
		7EBEFB7F2241F45000250B65 /* nrel118_aggr.cor */ = {isa = PBXFileReference; fileEncoding = 4; lastKnownFileType = text; path = nrel118_aggr.cor; sourceTree = "<group>"; };
		7EBEFB802241F45000250B65 /* clone1.log */ = {isa = PBXFileReference; fileEncoding = 4; lastKnownFileType = text; path = clone1.log; sourceTree = "<group>"; };
		7EBEFB812241F45000250B65 /* clone2.log */ = {isa = PBXFileReference; fileEncoding = 4; lastKnownFileType = text; path = clone2.log; sourceTree = "<group>"; };
		7EBEFB822241F45000250B65 /* nrel118_aggr.lp */ = {isa = PBXFileReference; fileEncoding = 4; lastKnownFileType = sourcecode.lex; path = nrel118_aggr.lp; sourceTree = "<group>"; };
		7EBEFB842241F45000250B65 /* stocfor1.tim */ = {isa = PBXFileReference; fileEncoding = 4; lastKnownFileType = text; path = stocfor1.tim; sourceTree = "<group>"; };
		7EBEFB852241F45000250B65 /* stocfor1.sto */ = {isa = PBXFileReference; fileEncoding = 4; lastKnownFileType = text; path = stocfor1.sto; sourceTree = "<group>"; };
		7EBEFB862241F45000250B65 /* stocfor1.cor */ = {isa = PBXFileReference; fileEncoding = 4; lastKnownFileType = text; path = stocfor1.cor; sourceTree = "<group>"; };
		7EBEFB882241F45000250B65 /* sgpf5y3.cor */ = {isa = PBXFileReference; fileEncoding = 4; lastKnownFileType = text; path = sgpf5y3.cor; sourceTree = "<group>"; };
		7EBEFB892241F45000250B65 /* sgpf5y3.tim */ = {isa = PBXFileReference; fileEncoding = 4; lastKnownFileType = text; path = sgpf5y3.tim; sourceTree = "<group>"; };
		7EBEFB8A2241F45000250B65 /* sgpf5y3.sce */ = {isa = PBXFileReference; fileEncoding = 4; lastKnownFileType = text; path = sgpf5y3.sce; sourceTree = "<group>"; };
		7EBEFB8C2241F45000250B65 /* fxm3_16.cor */ = {isa = PBXFileReference; fileEncoding = 4; lastKnownFileType = text; path = fxm3_16.cor; sourceTree = "<group>"; };
		7EBEFB8D2241F45000250B65 /* fxm3_16.sto */ = {isa = PBXFileReference; fileEncoding = 4; lastKnownFileType = text; path = fxm3_16.sto; sourceTree = "<group>"; };
		7EBEFB8E2241F45000250B65 /* fxm3_16.tim */ = {isa = PBXFileReference; fileEncoding = 4; lastKnownFileType = text; path = fxm3_16.tim; sourceTree = "<group>"; };
		7EBEFBB82241FA4400250B65 /* twoSD.c */ = {isa = PBXFileReference; fileEncoding = 4; lastKnownFileType = sourcecode.c.c; path = twoSD.c; sourceTree = "<group>"; };
		7EBEFBB92241FA4400250B65 /* soln.c */ = {isa = PBXFileReference; fileEncoding = 4; lastKnownFileType = sourcecode.c.c; path = soln.c; sourceTree = "<group>"; };
		7EBEFBBA2241FA4400250B65 /* config.sd */ = {isa = PBXFileReference; fileEncoding = 4; lastKnownFileType = text; path = config.sd; sourceTree = "<group>"; };
		7EBEFBBB2241FA4400250B65 /* master.c */ = {isa = PBXFileReference; fileEncoding = 4; lastKnownFileType = sourcecode.c.c; path = master.c; sourceTree = "<group>"; };
		7EBEFBBC2241FA4400250B65 /* subprob.c */ = {isa = PBXFileReference; fileEncoding = 4; lastKnownFileType = sourcecode.c.c; path = subprob.c; sourceTree = "<group>"; };
		7EBEFBBD2241FA4400250B65 /* randCost.c */ = {isa = PBXFileReference; fileEncoding = 4; lastKnownFileType = sourcecode.c.c; path = randCost.c; sourceTree = "<group>"; };
		7EBEFBBE2241FA4400250B65 /* evaluate.c */ = {isa = PBXFileReference; fileEncoding = 4; lastKnownFileType = sourcecode.c.c; path = evaluate.c; sourceTree = "<group>"; };
		7EBEFBBF2241FA4400250B65 /* twoSD.h */ = {isa = PBXFileReference; fileEncoding = 4; lastKnownFileType = sourcecode.c.h; path = twoSD.h; sourceTree = "<group>"; };
		7EBEFBC02241FA4400250B65 /* setup.c */ = {isa = PBXFileReference; fileEncoding = 4; lastKnownFileType = sourcecode.c.c; path = setup.c; sourceTree = "<group>"; };
		7EBEFBC12241FA4400250B65 /* stocUpdate.c */ = {isa = PBXFileReference; fileEncoding = 4; lastKnownFileType = sourcecode.c.c; path = stocUpdate.c; sourceTree = "<group>"; };
		7EBEFBC22241FA4400250B65 /* cuts.c */ = {isa = PBXFileReference; fileEncoding = 4; lastKnownFileType = sourcecode.c.c; path = cuts.c; sourceTree = "<group>"; };
		7EBEFBC32241FA4400250B65 /* compromise.c */ = {isa = PBXFileReference; fileEncoding = 4; lastKnownFileType = sourcecode.c.c; path = compromise.c; sourceTree = "<group>"; };
		7EBEFBC42241FA4400250B65 /* algo.c */ = {isa = PBXFileReference; fileEncoding = 4; lastKnownFileType = sourcecode.c.c; path = algo.c; sourceTree = "<group>"; };
		7EBEFBC52241FA4400250B65 /* optimal.c */ = {isa = PBXFileReference; fileEncoding = 4; lastKnownFileType = sourcecode.c.c; path = optimal.c; sourceTree = "<group>"; };
		7EBEFBC62241FA4400250B65 /* stoc.h */ = {isa = PBXFileReference; fileEncoding = 4; lastKnownFileType = sourcecode.c.h; path = stoc.h; sourceTree = "<group>"; };
/* End PBXFileReference section */

/* Begin PBXFrameworksBuildPhase section */
		7EBEFA662241EC4900250B65 /* Frameworks */ = {
			isa = PBXFrameworksBuildPhase;
			buildActionMask = 2147483647;
			files = (
				7EBEFA802241F2CD00250B65 /* libilocplex.a in Frameworks */,
				7EBEFA812241F2CD00250B65 /* libcplexdistmip.a in Frameworks */,
				7EBEFA822241F2CD00250B65 /* libcplex.a in Frameworks */,
				7EBEFA7C2241F2B700250B65 /* libconcert.a in Frameworks */,
				7EBEFA7A2241F28C00250B65 /* IOKit.framework in Frameworks */,
				7EBEFA782241F28200250B65 /* CoreFoundation.framework in Frameworks */,
			);
			runOnlyForDeploymentPostprocessing = 0;
		};
/* End PBXFrameworksBuildPhase section */

/* Begin PBXGroup section */
		7E9293FC22766B1E00143C87 /* SUFL_5_5 */ = {
			isa = PBXGroup;
			children = (
				7E9293FD22766B1E00143C87 /* SUFL_5_5.tim */,
				7E9293FE22766B1E00143C87 /* SUFL_5_5.sto */,
				7E9293FF22766B1E00143C87 /* SUFL_5_5.cor */,
			);
			path = SUFL_5_5;
			sourceTree = "<group>";
		};
		7EBEFA602241EC4900250B65 = {
			isa = PBXGroup;
			children = (
				7EBEFA6B2241EC4900250B65 /* LShape_xcode */,
				7EBEFA6A2241EC4900250B65 /* Products */,
				7EBEFA762241F28200250B65 /* Frameworks */,
			);
			sourceTree = "<group>";
		};
		7EBEFA6A2241EC4900250B65 /* Products */ = {
			isa = PBXGroup;
			children = (
				7EBEFA692241EC4900250B65 /* LShape_xcode */,
			);
			name = Products;
			sourceTree = "<group>";
		};
		7EBEFA6B2241EC4900250B65 /* LShape_xcode */ = {
			isa = PBXGroup;
			children = (
				7EBEFA992241F44E00250B65 /* config.benders */,
				7EBEFBB72241FA4400250B65 /* twoSD */,
				7EBEFA902241F44E00250B65 /* benders */,
				7EBEFA892241F44E00250B65 /* smpsReader */,
				7EBEFA832241F44E00250B65 /* solverUtilities */,
				7EBEFA9A2241F44F00250B65 /* spInput */,
			);
			path = LShape_xcode;
			sourceTree = "<group>";
		};
		7EBEFA762241F28200250B65 /* Frameworks */ = {
			isa = PBXGroup;
			children = (
				7EBEFA7F2241F2CD00250B65 /* libcplex.a */,
				7EBEFA7E2241F2CD00250B65 /* libcplexdistmip.a */,
				7EBEFA7D2241F2CD00250B65 /* libilocplex.a */,
				7EBEFA7B2241F2B700250B65 /* libconcert.a */,
				7EBEFA792241F28C00250B65 /* IOKit.framework */,
				7EBEFA772241F28200250B65 /* CoreFoundation.framework */,
			);
			name = Frameworks;
			sourceTree = "<group>";
		};
		7EBEFA832241F44E00250B65 /* solverUtilities */ = {
			isa = PBXGroup;
			children = (
				7EBEFA842241F44E00250B65 /* utils.h */,
				7EBEFA852241F44E00250B65 /* utility.c */,
				7EBEFA862241F44E00250B65 /* solver.h */,
				7EBEFA882241F44E00250B65 /* solver.c */,
			);
			path = solverUtilities;
			sourceTree = "<group>";
		};
		7EBEFA892241F44E00250B65 /* smpsReader */ = {
			isa = PBXGroup;
			children = (
				7EBEFA8A2241F44E00250B65 /* readFIles.c */,
				7EBEFA8B2241F44E00250B65 /* smps.h */,
				7EBEFA8C2241F44E00250B65 /* prob.c */,
				7EBEFA8D2241F44E00250B65 /* rvgen.c */,
				7EBEFA8E2241F44E00250B65 /* smps.c */,
				7EBEFA8F2241F44E00250B65 /* prob.h */,
			);
			path = smpsReader;
			sourceTree = "<group>";
		};
		7EBEFA902241F44E00250B65 /* benders */ = {
			isa = PBXGroup;
			children = (
				7EBEFA912241F44E00250B65 /* benders.c */,
				7EBEFA922241F44E00250B65 /* master.c */,
				7EBEFA932241F44E00250B65 /* subprob.c */,
				7EBEFA942241F44E00250B65 /* evaluate.c */,
				7EBEFA952241F44E00250B65 /* setup.c */,
				7EBEFA962241F44E00250B65 /* cuts.c */,
				7EBEFA972241F44E00250B65 /* benders.h */,
				7EBEFA982241F44E00250B65 /* algo.c */,
			);
			path = benders;
			sourceTree = "<group>";
		};
		7EBEFA9A2241F44F00250B65 /* spInput */ = {
			isa = PBXGroup;
			children = (
				7E9293FC22766B1E00143C87 /* SUFL_5_5 */,
				7EBEFA9B2241F44F00250B65 /* pltexpA3_16 */,
				7EBEFA9F2241F44F00250B65 /* cap41 */,
				7EBEFAA32241F44F00250B65 /* dim4 */,
				7EBEFAA72241F44F00250B65 /* dim3 */,
				7EBEFAAB2241F44F00250B65 /* pltexpA4 */,
				7EBEFAB12241F44F00250B65 /* ssn_rc2 */,
				7EBEFAB62241F44F00250B65 /* fxm2_6 */,
				7EBEFABA2241F44F00250B65 /* pltexpA3 */,
				7EBEFABE2241F44F00250B65 /* fxm4_16 */,
				7EBEFAC22241F44F00250B65 /* dim2 */,
				7EBEFAC62241F44F00250B65 /* ssn_rc4 */,
				7EBEFACB2241F44F00250B65 /* pltexpA2 */,
				7EBEFACF2241F44F00250B65 /* pltexpA5 */,
				7EBEFAD42241F44F00250B65 /* ssn_rc3 */,
				7EBEFAD92241F44F00250B65 /* lgsc */,
				7EBEFAE02241F44F00250B65 /* pltexpA2_16 */,
				7EBEFAE42241F44F00250B65 /* pgp2 */,
				7EBEFAEA2241F44F00250B65 /* transship */,
				7EBEFAEE2241F44F00250B65 /* illi60 */,
				7EBEFAF22241F44F00250B65 /* ieee30_ed */,
				7EBEFAF62241F44F00250B65 /* 4node */,
				7EBEFAFB2241F44F00250B65 /* baa99-20 */,
				7EBEFAFF2241F44F00250B65 /* illi10 */,
				7EBEFB032241F44F00250B65 /* stocfor3 */,
				7EBEFB072241F44F00250B65 /* sgpf5y6 */,
				7EBEFB0B2241F44F00250B65 /* 20 */,
				7EBEFB102241F45000250B65 /* retail */,
				7EBEFB142241F45000250B65 /* stocfor2 */,
				7EBEFB192241F45000250B65 /* ssn */,
				7EBEFB1F2241F45000250B65 /* pltexpA7 */,
				7EBEFB242241F45000250B65 /* ssn_rc1 */,
				7EBEFB282241F45000250B65 /* sgpf5y5_block */,
				7EBEFB2C2241F45000250B65 /* pltexpA6 */,
				7EBEFB312241F45000250B65 /* fxm4_6 */,
				7EBEFB352241F45000250B65 /* dim1 */,
				7EBEFB392241F45000250B65 /* sgpf5y3_block */,
				7EBEFB3D2241F45000250B65 /* iit118 */,
				7EBEFB432241F45000250B65 /* sgpf5y4_block */,
				7EBEFB472241F45000250B65 /* fxm3_6 */,
				7EBEFB4B2241F45000250B65 /* fxm2_16 */,
				7EBEFB4F2241F45000250B65 /* sgpf5y6_block */,
				7EBEFB532241F45000250B65 /* sgsc */,
				7EBEFB5A2241F45000250B65 /* nrel118 */,
				7EBEFB602241F45000250B65 /* lands3 */,
				7EBEFB642241F45000250B65 /* storm */,
				7EBEFB692241F45000250B65 /* sgpf5y5 */,
				7EBEFB6D2241F45000250B65 /* pltexpA4_16 */,
				7EBEFB712241F45000250B65 /* cep */,
				7EBEFB762241F45000250B65 /* sgpf5y4 */,
				7EBEFB7A2241F45000250B65 /* nrel118_aggr */,
				7EBEFB832241F45000250B65 /* stocfor1 */,
				7EBEFB872241F45000250B65 /* sgpf5y3 */,
				7EBEFB8B2241F45000250B65 /* fxm3_16 */,
			);
			path = spInput;
			sourceTree = "<group>";
		};
		7EBEFA9B2241F44F00250B65 /* pltexpA3_16 */ = {
			isa = PBXGroup;
			children = (
				7EBEFA9C2241F44F00250B65 /* pltexpA3_16.cor */,
				7EBEFA9D2241F44F00250B65 /* pltexpA3_16.tim */,
				7EBEFA9E2241F44F00250B65 /* pltexpA3_16.sto */,
			);
			path = pltexpA3_16;
			sourceTree = "<group>";
		};
		7EBEFA9F2241F44F00250B65 /* cap41 */ = {
			isa = PBXGroup;
			children = (
				7EBEFAA02241F44F00250B65 /* cap41.tim */,
				7EBEFAA12241F44F00250B65 /* cap41.sto */,
				7EBEFAA22241F44F00250B65 /* cap41.cor */,
			);
			path = cap41;
			sourceTree = "<group>";
		};
		7EBEFAA32241F44F00250B65 /* dim4 */ = {
			isa = PBXGroup;
			children = (
				7EBEFAA42241F44F00250B65 /* dim4.cor */,
				7EBEFAA52241F44F00250B65 /* dim4.tim */,
				7EBEFAA62241F44F00250B65 /* dim4.sto */,
			);
			path = dim4;
			sourceTree = "<group>";
		};
		7EBEFAA72241F44F00250B65 /* dim3 */ = {
			isa = PBXGroup;
			children = (
				7EBEFAA82241F44F00250B65 /* dim3.cor */,
				7EBEFAA92241F44F00250B65 /* dim3.tim */,
				7EBEFAAA2241F44F00250B65 /* dim3.sto */,
			);
			path = dim3;
			sourceTree = "<group>";
		};
		7EBEFAAB2241F44F00250B65 /* pltexpA4 */ = {
			isa = PBXGroup;
			children = (
				7EBEFAAC2241F44F00250B65 /* pltexpA4.cor */,
				7EBEFAAD2241F44F00250B65 /* pltexpA4.tim */,
				7EBEFAAE2241F44F00250B65 /* pltexpB4_6.sto */,
				7EBEFAAF2241F44F00250B65 /* pltexpA4.sto */,
				7EBEFAB02241F44F00250B65 /* pltexpB5_6.sto */,
			);
			path = pltexpA4;
			sourceTree = "<group>";
		};
		7EBEFAB12241F44F00250B65 /* ssn_rc2 */ = {
			isa = PBXGroup;
			children = (
				7EBEFAB22241F44F00250B65 /* ssn_rc2.lp */,
				7EBEFAB32241F44F00250B65 /* ssn_rc2.cor */,
				7EBEFAB42241F44F00250B65 /* ssn_rc2.tim */,
				7EBEFAB52241F44F00250B65 /* ssn_rc2.sto */,
			);
			path = ssn_rc2;
			sourceTree = "<group>";
		};
		7EBEFAB62241F44F00250B65 /* fxm2_6 */ = {
			isa = PBXGroup;
			children = (
				7EBEFAB72241F44F00250B65 /* fxm2_6.tim */,
				7EBEFAB82241F44F00250B65 /* fxm2_6.sto */,
				7EBEFAB92241F44F00250B65 /* fxm2_6.cor */,
			);
			path = fxm2_6;
			sourceTree = "<group>";
		};
		7EBEFABA2241F44F00250B65 /* pltexpA3 */ = {
			isa = PBXGroup;
			children = (
				7EBEFABB2241F44F00250B65 /* pltexpA3.cor */,
				7EBEFABC2241F44F00250B65 /* pltexpA3.tim */,
				7EBEFABD2241F44F00250B65 /* pltexpA3.sto */,
			);
			path = pltexpA3;
			sourceTree = "<group>";
		};
		7EBEFABE2241F44F00250B65 /* fxm4_16 */ = {
			isa = PBXGroup;
			children = (
				7EBEFABF2241F44F00250B65 /* fxm4_16.tim */,
				7EBEFAC02241F44F00250B65 /* fxm4_16.sto */,
				7EBEFAC12241F44F00250B65 /* fxm4_16.cor */,
			);
			path = fxm4_16;
			sourceTree = "<group>";
		};
		7EBEFAC22241F44F00250B65 /* dim2 */ = {
			isa = PBXGroup;
			children = (
				7EBEFAC32241F44F00250B65 /* dim2.cor */,
				7EBEFAC42241F44F00250B65 /* dim2.tim */,
				7EBEFAC52241F44F00250B65 /* dim2.sto */,
			);
			path = dim2;
			sourceTree = "<group>";
		};
		7EBEFAC62241F44F00250B65 /* ssn_rc4 */ = {
			isa = PBXGroup;
			children = (
				7EBEFAC72241F44F00250B65 /* ssn_rc4.cor */,
				7EBEFAC82241F44F00250B65 /* ssn_rc4.tim */,
				7EBEFAC92241F44F00250B65 /* ssn_rc4.sto */,
				7EBEFACA2241F44F00250B65 /* ssn_rc4.lp */,
			);
			path = ssn_rc4;
			sourceTree = "<group>";
		};
		7EBEFACB2241F44F00250B65 /* pltexpA2 */ = {
			isa = PBXGroup;
			children = (
				7EBEFACC2241F44F00250B65 /* pltexpA2.cor */,
				7EBEFACD2241F44F00250B65 /* pltexpA2.tim */,
				7EBEFACE2241F44F00250B65 /* pltexpA2.sto */,
			);
			path = pltexpA2;
			sourceTree = "<group>";
		};
		7EBEFACF2241F44F00250B65 /* pltexpA5 */ = {
			isa = PBXGroup;
			children = (
				7EBEFAD02241F44F00250B65 /* pltexpA5.cor */,
				7EBEFAD12241F44F00250B65 /* pltexpA5_16.sto */,
				7EBEFAD22241F44F00250B65 /* pltexpA5.tim */,
				7EBEFAD32241F44F00250B65 /* pltexpA5.sto */,
			);
			path = pltexpA5;
			sourceTree = "<group>";
		};
		7EBEFAD42241F44F00250B65 /* ssn_rc3 */ = {
			isa = PBXGroup;
			children = (
				7EBEFAD52241F44F00250B65 /* ssn_rc3.lp */,
				7EBEFAD62241F44F00250B65 /* ssn_rc3.cor */,
				7EBEFAD72241F44F00250B65 /* ssn_rc3.tim */,
				7EBEFAD82241F44F00250B65 /* ssn_rc3.sto */,
			);
			path = ssn_rc3;
			sourceTree = "<group>";
		};
		7EBEFAD92241F44F00250B65 /* lgsc */ = {
			isa = PBXGroup;
			children = (
				7EBEFADA2241F44F00250B65 /* lgsc.sto */,
				7EBEFADB2241F44F00250B65 /* lgsc.tim */,
				7EBEFADC2241F44F00250B65 /* lgsc.cor */,
				7EBEFADD2241F44F00250B65 /* mplFiles */,
			);
			path = lgsc;
			sourceTree = "<group>";
		};
		7EBEFADD2241F44F00250B65 /* mplFiles */ = {
			isa = PBXGroup;
			children = (
				7EBEFADE2241F44F00250B65 /* lgsc.mod */,
				7EBEFADF2241F44F00250B65 /* lgsc.dat */,
			);
			path = mplFiles;
			sourceTree = "<group>";
		};
		7EBEFAE02241F44F00250B65 /* pltexpA2_16 */ = {
			isa = PBXGroup;
			children = (
				7EBEFAE12241F44F00250B65 /* pltexpA2_16.tim */,
				7EBEFAE22241F44F00250B65 /* pltexpA2_16.sto */,
				7EBEFAE32241F44F00250B65 /* pltexpA2_16.cor */,
			);
			path = pltexpA2_16;
			sourceTree = "<group>";
		};
		7EBEFAE42241F44F00250B65 /* pgp2 */ = {
			isa = PBXGroup;
			children = (
				7EBEFAE52241F44F00250B65 /* PGP2.st2 */,
				7EBEFAE62241F44F00250B65 /* pgp2.cor */,
				7EBEFAE72241F44F00250B65 /* PGP2.st3 */,
				7EBEFAE82241F44F00250B65 /* pgp2.sto */,
				7EBEFAE92241F44F00250B65 /* pgp2.tim */,
			);
			path = pgp2;
			sourceTree = "<group>";
		};
		7EBEFAEA2241F44F00250B65 /* transship */ = {
			isa = PBXGroup;
			children = (
				7EBEFAEB2241F44F00250B65 /* transship.sto */,
				7EBEFAEC2241F44F00250B65 /* transship.tim */,
				7EBEFAED2241F44F00250B65 /* transship.cor */,
			);
			path = transship;
			sourceTree = "<group>";
		};
		7EBEFAEE2241F44F00250B65 /* illi60 */ = {
			isa = PBXGroup;
			children = (
				7EBEFAEF2241F44F00250B65 /* illi60.cor */,
				7EBEFAF02241F44F00250B65 /* illi60.sto */,
				7EBEFAF12241F44F00250B65 /* illi60.tim */,
			);
			path = illi60;
			sourceTree = "<group>";
		};
		7EBEFAF22241F44F00250B65 /* ieee30_ed */ = {
			isa = PBXGroup;
			children = (
				7EBEFAF32241F44F00250B65 /* ieee30_ed.sto */,
				7EBEFAF42241F44F00250B65 /* ieee30_ed.tim */,
				7EBEFAF52241F44F00250B65 /* ieee30_ed.cor */,
			);
			path = ieee30_ed;
			sourceTree = "<group>";
		};
		7EBEFAF62241F44F00250B65 /* 4node */ = {
			isa = PBXGroup;
			children = (
				7EBEFAF72241F44F00250B65 /* 4node.sto */,
				7EBEFAF82241F44F00250B65 /* 4node.tim */,
				7EBEFAF92241F44F00250B65 /* 4node.cor */,
				7EBEFAFA2241F44F00250B65 /* 4node.mps */,
			);
			path = 4node;
			sourceTree = "<group>";
		};
		7EBEFAFB2241F44F00250B65 /* baa99-20 */ = {
			isa = PBXGroup;
			children = (
				7EBEFAFC2241F44F00250B65 /* baa99-20.cor */,
				7EBEFAFD2241F44F00250B65 /* baa99-20.tim */,
				7EBEFAFE2241F44F00250B65 /* baa99-20.sto */,
			);
			path = "baa99-20";
			sourceTree = "<group>";
		};
		7EBEFAFF2241F44F00250B65 /* illi10 */ = {
			isa = PBXGroup;
			children = (
				7EBEFB002241F44F00250B65 /* illi10.cor */,
				7EBEFB012241F44F00250B65 /* illi10.tim */,
				7EBEFB022241F44F00250B65 /* illi10.sto */,
			);
			path = illi10;
			sourceTree = "<group>";
		};
		7EBEFB032241F44F00250B65 /* stocfor3 */ = {
			isa = PBXGroup;
			children = (
				7EBEFB042241F44F00250B65 /* stocfor3.tim */,
				7EBEFB052241F44F00250B65 /* stocfor3.sto */,
				7EBEFB062241F44F00250B65 /* stocfor3.cor */,
			);
			path = stocfor3;
			sourceTree = "<group>";
		};
		7EBEFB072241F44F00250B65 /* sgpf5y6 */ = {
			isa = PBXGroup;
			children = (
				7EBEFB082241F44F00250B65 /* sgpf5y6.cor */,
				7EBEFB092241F44F00250B65 /* sgpf5y6.tim */,
				7EBEFB0A2241F44F00250B65 /* sgpf5y6.sce */,
			);
			path = sgpf5y6;
			sourceTree = "<group>";
		};
		7EBEFB0B2241F44F00250B65 /* 20 */ = {
			isa = PBXGroup;
			children = (
				7EBEFB0C2241F44F00250B65 /* 20.sto */,
				7EBEFB0D2241F44F00250B65 /* 20.tim */,
				7EBEFB0E2241F44F00250B65 /* 20.cor */,
				7EBEFB0F2241F44F00250B65 /* 20.mps */,
			);
			path = 20;
			sourceTree = "<group>";
		};
		7EBEFB102241F45000250B65 /* retail */ = {
			isa = PBXGroup;
			children = (
				7EBEFB112241F45000250B65 /* retail.cor */,
				7EBEFB122241F45000250B65 /* retail.tim */,
				7EBEFB132241F45000250B65 /* retail.sto */,
			);
			path = retail;
			sourceTree = "<group>";
		};
		7EBEFB142241F45000250B65 /* stocfor2 */ = {
			isa = PBXGroup;
			children = (
				7EBEFB152241F45000250B65 /* stocfor2.tim */,
				7EBEFB162241F45000250B65 /* stocfor2.sto */,
				7EBEFB172241F45000250B65 /* readme.local */,
				7EBEFB182241F45000250B65 /* stocfor2.cor */,
			);
			path = stocfor2;
			sourceTree = "<group>";
		};
		7EBEFB192241F45000250B65 /* ssn */ = {
			isa = PBXGroup;
			children = (
				7EBEFB1A2241F45000250B65 /* ssn.sto */,
				7EBEFB1B2241F45000250B65 /* ssnsd.tim */,
				7EBEFB1C2241F45000250B65 /* ssn.tim */,
				7EBEFB1D2241F45000250B65 /* ssn.cor */,
				7EBEFB1E2241F45000250B65 /* ssn.mps */,
			);
			path = ssn;
			sourceTree = "<group>";
		};
		7EBEFB1F2241F45000250B65 /* pltexpA7 */ = {
			isa = PBXGroup;
			children = (
				7EBEFB202241F45000250B65 /* pltexpA7.cor */,
				7EBEFB212241F45000250B65 /* pltexpA7.tim */,
				7EBEFB222241F45000250B65 /* pltexpA7_16.sto */,
				7EBEFB232241F45000250B65 /* pltexpA7.sto */,
			);
			path = pltexpA7;
			sourceTree = "<group>";
		};
		7EBEFB242241F45000250B65 /* ssn_rc1 */ = {
			isa = PBXGroup;
			children = (
				7EBEFB252241F45000250B65 /* ssn_rc1.cor */,
				7EBEFB262241F45000250B65 /* ssn_rc1.tim */,
				7EBEFB272241F45000250B65 /* ssn_rc1.sto */,
			);
			path = ssn_rc1;
			sourceTree = "<group>";
		};
		7EBEFB282241F45000250B65 /* sgpf5y5_block */ = {
			isa = PBXGroup;
			children = (
				7EBEFB292241F45000250B65 /* sgpf5y5_block.cor */,
				7EBEFB2A2241F45000250B65 /* sgpf5y5_block.tim */,
				7EBEFB2B2241F45000250B65 /* sgpf5y5_block.sto */,
			);
			path = sgpf5y5_block;
			sourceTree = "<group>";
		};
		7EBEFB2C2241F45000250B65 /* pltexpA6 */ = {
			isa = PBXGroup;
			children = (
				7EBEFB2D2241F45000250B65 /* pltexpA6_16.sto */,
				7EBEFB2E2241F45000250B65 /* pltexpA6.cor */,
				7EBEFB2F2241F45000250B65 /* pltexpA6.tim */,
				7EBEFB302241F45000250B65 /* pltexpA6.sto */,
			);
			path = pltexpA6;
			sourceTree = "<group>";
		};
		7EBEFB312241F45000250B65 /* fxm4_6 */ = {
			isa = PBXGroup;
			children = (
				7EBEFB322241F45000250B65 /* fxm4_6.tim */,
				7EBEFB332241F45000250B65 /* fxm4_6.sto */,
				7EBEFB342241F45000250B65 /* fxm4_6.cor */,
			);
			path = fxm4_6;
			sourceTree = "<group>";
		};
		7EBEFB352241F45000250B65 /* dim1 */ = {
			isa = PBXGroup;
			children = (
				7EBEFB362241F45000250B65 /* dim1.cor */,
				7EBEFB372241F45000250B65 /* dim1.tim */,
				7EBEFB382241F45000250B65 /* dim1.sto */,
			);
			path = dim1;
			sourceTree = "<group>";
		};
		7EBEFB392241F45000250B65 /* sgpf5y3_block */ = {
			isa = PBXGroup;
			children = (
				7EBEFB3A2241F45000250B65 /* sgpf5y3_block.cor */,
				7EBEFB3B2241F45000250B65 /* sgpf5y3_block.tim */,
				7EBEFB3C2241F45000250B65 /* sgpf5y3_block.sto */,
			);
			path = sgpf5y3_block;
			sourceTree = "<group>";
		};
		7EBEFB3D2241F45000250B65 /* iit118 */ = {
			isa = PBXGroup;
			children = (
				7EBEFB3E2241F45000250B65 /* iit118.cor */,
				7EBEFB3F2241F45000250B65 /* iit118.lp */,
				7EBEFB402241F45000250B65 /* iit118.mod */,
				7EBEFB412241F45000250B65 /* iit118.sto */,
				7EBEFB422241F45000250B65 /* iit118.tim */,
			);
			path = iit118;
			sourceTree = "<group>";
		};
		7EBEFB432241F45000250B65 /* sgpf5y4_block */ = {
			isa = PBXGroup;
			children = (
				7EBEFB442241F45000250B65 /* sgpf5y4_block.cor */,
				7EBEFB452241F45000250B65 /* sgpf5y4_block.sto */,
				7EBEFB462241F45000250B65 /* sgpf5y4_block.tim */,
			);
			path = sgpf5y4_block;
			sourceTree = "<group>";
		};
		7EBEFB472241F45000250B65 /* fxm3_6 */ = {
			isa = PBXGroup;
			children = (
				7EBEFB482241F45000250B65 /* fxm3_6.sto */,
				7EBEFB492241F45000250B65 /* fxm3_6.tim */,
				7EBEFB4A2241F45000250B65 /* fxm3_6.cor */,
			);
			path = fxm3_6;
			sourceTree = "<group>";
		};
		7EBEFB4B2241F45000250B65 /* fxm2_16 */ = {
			isa = PBXGroup;
			children = (
				7EBEFB4C2241F45000250B65 /* fxm2_16.sto */,
				7EBEFB4D2241F45000250B65 /* fxm2_16.tim */,
				7EBEFB4E2241F45000250B65 /* fxm2_16.cor */,
			);
			path = fxm2_16;
			sourceTree = "<group>";
		};
		7EBEFB4F2241F45000250B65 /* sgpf5y6_block */ = {
			isa = PBXGroup;
			children = (
				7EBEFB502241F45000250B65 /* sgpf5y6_block.sto */,
				7EBEFB512241F45000250B65 /* sgpf5y6_block.tim */,
				7EBEFB522241F45000250B65 /* sgpf5y6_block.cor */,
			);
			path = sgpf5y6_block;
			sourceTree = "<group>";
		};
		7EBEFB532241F45000250B65 /* sgsc */ = {
			isa = PBXGroup;
			children = (
				7EBEFB542241F45000250B65 /* sgsc.cor */,
				7EBEFB552241F45000250B65 /* sgsc.tim */,
				7EBEFB562241F45000250B65 /* mplFiles */,
				7EBEFB592241F45000250B65 /* sgsc.sto */,
			);
			path = sgsc;
			sourceTree = "<group>";
		};
		7EBEFB562241F45000250B65 /* mplFiles */ = {
			isa = PBXGroup;
			children = (
				7EBEFB572241F45000250B65 /* sgsc.dat */,
				7EBEFB582241F45000250B65 /* sgsc.mod */,
			);
			path = mplFiles;
			sourceTree = "<group>";
		};
		7EBEFB5A2241F45000250B65 /* nrel118 */ = {
			isa = PBXGroup;
			children = (
				7EBEFB5B2241F45000250B65 /* nrel118.cor */,
				7EBEFB5C2241F45000250B65 /* nrel118.tim */,
				7EBEFB5D2241F45000250B65 /* nrel118.lp */,
				7EBEFB5E2241F45000250B65 /* nrel118.mod */,
				7EBEFB5F2241F45000250B65 /* nrel118.sto */,
			);
			path = nrel118;
			sourceTree = "<group>";
		};
		7EBEFB602241F45000250B65 /* lands3 */ = {
			isa = PBXGroup;
			children = (
				7EBEFB612241F45000250B65 /* lands3.tim */,
				7EBEFB622241F45000250B65 /* lands3.sto */,
				7EBEFB632241F45000250B65 /* lands3.cor */,
			);
			path = lands3;
			sourceTree = "<group>";
		};
		7EBEFB642241F45000250B65 /* storm */ = {
			isa = PBXGroup;
			children = (
				7EBEFB652241F45000250B65 /* storm.tim */,
				7EBEFB662241F45000250B65 /* storm.sto */,
				7EBEFB672241F45000250B65 /* storm.mps */,
				7EBEFB682241F45000250B65 /* storm.cor */,
			);
			path = storm;
			sourceTree = "<group>";
		};
		7EBEFB692241F45000250B65 /* sgpf5y5 */ = {
			isa = PBXGroup;
			children = (
				7EBEFB6A2241F45000250B65 /* sgpf5y5.cor */,
				7EBEFB6B2241F45000250B65 /* sgpf5y5.tim */,
				7EBEFB6C2241F45000250B65 /* sgpf5y5.sce */,
			);
			path = sgpf5y5;
			sourceTree = "<group>";
		};
		7EBEFB6D2241F45000250B65 /* pltexpA4_16 */ = {
			isa = PBXGroup;
			children = (
				7EBEFB6E2241F45000250B65 /* pltexpA4_16.sto */,
				7EBEFB6F2241F45000250B65 /* pltexpA4_16.tim */,
				7EBEFB702241F45000250B65 /* pltexpA4_16.cor */,
			);
			path = pltexpA4_16;
			sourceTree = "<group>";
		};
		7EBEFB712241F45000250B65 /* cep */ = {
			isa = PBXGroup;
			children = (
				7EBEFB722241F45000250B65 /* cep.cor */,
				7EBEFB732241F45000250B65 /* cep.mps */,
				7EBEFB742241F45000250B65 /* cep.sto */,
				7EBEFB752241F45000250B65 /* cep.tim */,
			);
			path = cep;
			sourceTree = "<group>";
		};
		7EBEFB762241F45000250B65 /* sgpf5y4 */ = {
			isa = PBXGroup;
			children = (
				7EBEFB772241F45000250B65 /* sgpf5y4.cor */,
				7EBEFB782241F45000250B65 /* sgpf5y4.tim */,
				7EBEFB792241F45000250B65 /* sgpf5y4.sce */,
			);
			path = sgpf5y4;
			sourceTree = "<group>";
		};
		7EBEFB7A2241F45000250B65 /* nrel118_aggr */ = {
			isa = PBXGroup;
			children = (
				7EBEFB7B2241F45000250B65 /* nrel118_aggr.mod */,
				7EBEFB7C2241F45000250B65 /* nrel118_aggr.sto */,
				7EBEFB7D2241F45000250B65 /* cplex.log */,
				7EBEFB7E2241F45000250B65 /* nrel118_aggr.tim */,
				7EBEFB7F2241F45000250B65 /* nrel118_aggr.cor */,
				7EBEFB802241F45000250B65 /* clone1.log */,
				7EBEFB812241F45000250B65 /* clone2.log */,
				7EBEFB822241F45000250B65 /* nrel118_aggr.lp */,
			);
			path = nrel118_aggr;
			sourceTree = "<group>";
		};
		7EBEFB832241F45000250B65 /* stocfor1 */ = {
			isa = PBXGroup;
			children = (
				7EBEFB842241F45000250B65 /* stocfor1.tim */,
				7EBEFB852241F45000250B65 /* stocfor1.sto */,
				7EBEFB862241F45000250B65 /* stocfor1.cor */,
			);
			path = stocfor1;
			sourceTree = "<group>";
		};
		7EBEFB872241F45000250B65 /* sgpf5y3 */ = {
			isa = PBXGroup;
			children = (
				7EBEFB882241F45000250B65 /* sgpf5y3.cor */,
				7EBEFB892241F45000250B65 /* sgpf5y3.tim */,
				7EBEFB8A2241F45000250B65 /* sgpf5y3.sce */,
			);
			path = sgpf5y3;
			sourceTree = "<group>";
		};
		7EBEFB8B2241F45000250B65 /* fxm3_16 */ = {
			isa = PBXGroup;
			children = (
				7EBEFB8C2241F45000250B65 /* fxm3_16.cor */,
				7EBEFB8D2241F45000250B65 /* fxm3_16.sto */,
				7EBEFB8E2241F45000250B65 /* fxm3_16.tim */,
			);
			path = fxm3_16;
			sourceTree = "<group>";
		};
		7EBEFBB72241FA4400250B65 /* twoSD */ = {
			isa = PBXGroup;
			children = (
				7EBEFBB82241FA4400250B65 /* twoSD.c */,
				7EBEFBB92241FA4400250B65 /* soln.c */,
				7EBEFBBA2241FA4400250B65 /* config.sd */,
				7EBEFBBB2241FA4400250B65 /* master.c */,
				7EBEFBBC2241FA4400250B65 /* subprob.c */,
				7EBEFBBD2241FA4400250B65 /* randCost.c */,
				7EBEFBBE2241FA4400250B65 /* evaluate.c */,
				7EBEFBBF2241FA4400250B65 /* twoSD.h */,
				7EBEFBC02241FA4400250B65 /* setup.c */,
				7EBEFBC12241FA4400250B65 /* stocUpdate.c */,
				7EBEFBC22241FA4400250B65 /* cuts.c */,
				7EBEFBC32241FA4400250B65 /* compromise.c */,
				7EBEFBC42241FA4400250B65 /* algo.c */,
				7EBEFBC52241FA4400250B65 /* optimal.c */,
				7EBEFBC62241FA4400250B65 /* stoc.h */,
			);
			path = twoSD;
			sourceTree = "<group>";
		};
/* End PBXGroup section */

/* Begin PBXNativeTarget section */
		7EBEFA682241EC4900250B65 /* LShape_xcode */ = {
			isa = PBXNativeTarget;
			buildConfigurationList = 7EBEFA702241EC4900250B65 /* Build configuration list for PBXNativeTarget "LShape_xcode" */;
			buildPhases = (
				7EBEFA652241EC4900250B65 /* Sources */,
				7EBEFA662241EC4900250B65 /* Frameworks */,
				7EBEFA672241EC4900250B65 /* CopyFiles */,
			);
			buildRules = (
			);
			dependencies = (
			);
			name = LShape_xcode;
			productName = LShape_xcode;
			productReference = 7EBEFA692241EC4900250B65 /* LShape_xcode */;
			productType = "com.apple.product-type.tool";
		};
/* End PBXNativeTarget section */

/* Begin PBXProject section */
		7EBEFA612241EC4900250B65 /* Project object */ = {
			isa = PBXProject;
			attributes = {
				LastUpgradeCheck = 1010;
				ORGANIZATIONNAME = jjxu;
				TargetAttributes = {
					7EBEFA682241EC4900250B65 = {
						CreatedOnToolsVersion = 10.1;
					};
				};
			};
			buildConfigurationList = 7EBEFA642241EC4900250B65 /* Build configuration list for PBXProject "LShape_xcode" */;
			compatibilityVersion = "Xcode 9.3";
			developmentRegion = en;
			hasScannedForEncodings = 0;
			knownRegions = (
				en,
			);
			mainGroup = 7EBEFA602241EC4900250B65;
			productRefGroup = 7EBEFA6A2241EC4900250B65 /* Products */;
			projectDirPath = "";
			projectRoot = "";
			targets = (
				7EBEFA682241EC4900250B65 /* LShape_xcode */,
			);
		};
/* End PBXProject section */

/* Begin PBXSourcesBuildPhase section */
		7EBEFA652241EC4900250B65 /* Sources */ = {
			isa = PBXSourcesBuildPhase;
			buildActionMask = 2147483647;
			files = (
				7EBEFBED2241FDB900250B65 /* benders.c in Sources */,
				7EBEFBEE2241FDB900250B65 /* master.c in Sources */,
				7EBEFBEF2241FDB900250B65 /* subprob.c in Sources */,
				7EBEFBF02241FDB900250B65 /* evaluate.c in Sources */,
				7EBEFBF12241FDB900250B65 /* setup.c in Sources */,
				7EBEFBF22241FDB900250B65 /* cuts.c in Sources */,
				7EBEFBF32241FDB900250B65 /* benders.h in Sources */,
				7EBEFBF42241FDB900250B65 /* algo.c in Sources */,
				7EBEFBE22241FA9900250B65 /* smps.h in Sources */,
				7EBEFBE32241FA9900250B65 /* prob.c in Sources */,
				7EBEFBE42241FA9900250B65 /* rvgen.c in Sources */,
				7EBEFBE52241FA9900250B65 /* smps.c in Sources */,
				7EBEFBE62241FA9900250B65 /* prob.h in Sources */,
				7EBEFBE72241FA9900250B65 /* utils.h in Sources */,
				7EBEFBE82241FA9900250B65 /* utility.c in Sources */,
				7EBEFBE92241FA9900250B65 /* solver.h in Sources */,
				7EBEFBEB2241FA9900250B65 /* solver.c in Sources */,
			);
			runOnlyForDeploymentPostprocessing = 0;
		};
/* End PBXSourcesBuildPhase section */

/* Begin XCBuildConfiguration section */
		7EBEFA6E2241EC4900250B65 /* Debug */ = {
			isa = XCBuildConfiguration;
			buildSettings = {
				ALWAYS_SEARCH_USER_PATHS = NO;
				CLANG_ANALYZER_NONNULL = YES;
				CLANG_ANALYZER_NUMBER_OBJECT_CONVERSION = YES_AGGRESSIVE;
				CLANG_CXX_LANGUAGE_STANDARD = "gnu++14";
				CLANG_CXX_LIBRARY = "libc++";
				CLANG_ENABLE_MODULES = YES;
				CLANG_ENABLE_OBJC_ARC = YES;
				CLANG_ENABLE_OBJC_WEAK = YES;
				CLANG_WARN_BLOCK_CAPTURE_AUTORELEASING = YES;
				CLANG_WARN_BOOL_CONVERSION = YES;
				CLANG_WARN_COMMA = YES;
				CLANG_WARN_CONSTANT_CONVERSION = YES;
				CLANG_WARN_DEPRECATED_OBJC_IMPLEMENTATIONS = YES;
				CLANG_WARN_DIRECT_OBJC_ISA_USAGE = YES_ERROR;
				CLANG_WARN_DOCUMENTATION_COMMENTS = YES;
				CLANG_WARN_EMPTY_BODY = YES;
				CLANG_WARN_ENUM_CONVERSION = YES;
				CLANG_WARN_INFINITE_RECURSION = YES;
				CLANG_WARN_INT_CONVERSION = YES;
				CLANG_WARN_NON_LITERAL_NULL_CONVERSION = YES;
				CLANG_WARN_OBJC_IMPLICIT_RETAIN_SELF = YES;
				CLANG_WARN_OBJC_LITERAL_CONVERSION = YES;
				CLANG_WARN_OBJC_ROOT_CLASS = YES_ERROR;
				CLANG_WARN_RANGE_LOOP_ANALYSIS = YES;
				CLANG_WARN_STRICT_PROTOTYPES = YES;
				CLANG_WARN_SUSPICIOUS_MOVE = YES;
				CLANG_WARN_UNGUARDED_AVAILABILITY = YES_AGGRESSIVE;
				CLANG_WARN_UNREACHABLE_CODE = YES;
				CLANG_WARN__DUPLICATE_METHOD_MATCH = YES;
				CODE_SIGN_IDENTITY = "Mac Developer";
				COPY_PHASE_STRIP = NO;
				DEBUG_INFORMATION_FORMAT = dwarf;
				ENABLE_STRICT_OBJC_MSGSEND = YES;
				ENABLE_TESTABILITY = YES;
				GCC_C_LANGUAGE_STANDARD = gnu11;
				GCC_DYNAMIC_NO_PIC = NO;
				GCC_NO_COMMON_BLOCKS = YES;
				GCC_OPTIMIZATION_LEVEL = 0;
				GCC_PREPROCESSOR_DEFINITIONS = (
					"DEBUG=1",
					"$(inherited)",
				);
				GCC_WARN_64_TO_32_BIT_CONVERSION = YES;
				GCC_WARN_ABOUT_RETURN_TYPE = YES_ERROR;
				GCC_WARN_UNDECLARED_SELECTOR = YES;
				GCC_WARN_UNINITIALIZED_AUTOS = YES_AGGRESSIVE;
				GCC_WARN_UNUSED_FUNCTION = YES;
				GCC_WARN_UNUSED_VARIABLE = YES;
				MACOSX_DEPLOYMENT_TARGET = 10.14;
				MTL_ENABLE_DEBUG_INFO = INCLUDE_SOURCE;
				MTL_FAST_MATH = YES;
				ONLY_ACTIVE_ARCH = YES;
				SDKROOT = macosx;
			};
			name = Debug;
		};
		7EBEFA6F2241EC4900250B65 /* Release */ = {
			isa = XCBuildConfiguration;
			buildSettings = {
				ALWAYS_SEARCH_USER_PATHS = NO;
				CLANG_ANALYZER_NONNULL = YES;
				CLANG_ANALYZER_NUMBER_OBJECT_CONVERSION = YES_AGGRESSIVE;
				CLANG_CXX_LANGUAGE_STANDARD = "gnu++14";
				CLANG_CXX_LIBRARY = "libc++";
				CLANG_ENABLE_MODULES = YES;
				CLANG_ENABLE_OBJC_ARC = YES;
				CLANG_ENABLE_OBJC_WEAK = YES;
				CLANG_WARN_BLOCK_CAPTURE_AUTORELEASING = YES;
				CLANG_WARN_BOOL_CONVERSION = YES;
				CLANG_WARN_COMMA = YES;
				CLANG_WARN_CONSTANT_CONVERSION = YES;
				CLANG_WARN_DEPRECATED_OBJC_IMPLEMENTATIONS = YES;
				CLANG_WARN_DIRECT_OBJC_ISA_USAGE = YES_ERROR;
				CLANG_WARN_DOCUMENTATION_COMMENTS = YES;
				CLANG_WARN_EMPTY_BODY = YES;
				CLANG_WARN_ENUM_CONVERSION = YES;
				CLANG_WARN_INFINITE_RECURSION = YES;
				CLANG_WARN_INT_CONVERSION = YES;
				CLANG_WARN_NON_LITERAL_NULL_CONVERSION = YES;
				CLANG_WARN_OBJC_IMPLICIT_RETAIN_SELF = YES;
				CLANG_WARN_OBJC_LITERAL_CONVERSION = YES;
				CLANG_WARN_OBJC_ROOT_CLASS = YES_ERROR;
				CLANG_WARN_RANGE_LOOP_ANALYSIS = YES;
				CLANG_WARN_STRICT_PROTOTYPES = YES;
				CLANG_WARN_SUSPICIOUS_MOVE = YES;
				CLANG_WARN_UNGUARDED_AVAILABILITY = YES_AGGRESSIVE;
				CLANG_WARN_UNREACHABLE_CODE = YES;
				CLANG_WARN__DUPLICATE_METHOD_MATCH = YES;
				CODE_SIGN_IDENTITY = "Mac Developer";
				COPY_PHASE_STRIP = NO;
				DEBUG_INFORMATION_FORMAT = "dwarf-with-dsym";
				ENABLE_NS_ASSERTIONS = NO;
				ENABLE_STRICT_OBJC_MSGSEND = YES;
				GCC_C_LANGUAGE_STANDARD = gnu11;
				GCC_NO_COMMON_BLOCKS = YES;
				GCC_WARN_64_TO_32_BIT_CONVERSION = YES;
				GCC_WARN_ABOUT_RETURN_TYPE = YES_ERROR;
				GCC_WARN_UNDECLARED_SELECTOR = YES;
				GCC_WARN_UNINITIALIZED_AUTOS = YES_AGGRESSIVE;
				GCC_WARN_UNUSED_FUNCTION = YES;
				GCC_WARN_UNUSED_VARIABLE = YES;
				MACOSX_DEPLOYMENT_TARGET = 10.14;
				MTL_ENABLE_DEBUG_INFO = NO;
				MTL_FAST_MATH = YES;
				SDKROOT = macosx;
			};
			name = Release;
		};
		7EBEFA712241EC4900250B65 /* Debug */ = {
			isa = XCBuildConfiguration;
			buildSettings = {
				CLANG_CXX_LANGUAGE_STANDARD = "gnu++0x";
				CODE_SIGN_STYLE = Automatic;
				DEVELOPMENT_TEAM = JBP2638P2L;
				GCC_PREPROCESSOR_DEFINITIONS = (
					"DEBUG=1",
					"STOCH_CHECK=1",
					"ALGO_CHECK=1",
					"$(inherited)",
					"DECOMPOSE_CHECK=1",
				);
				HEADER_SEARCH_PATHS = (
					/Applications/CPLEX_Studio128/cplex/include,
					/Applications/CPLEX_Studio128/concert/include,
				);
				LIBRARY_SEARCH_PATHS = (
					"\"/Applications/CPLEX_Studio128/cplex/lib/x86-64_osx/static_pic\"",
					"\"/Applications/CPLEX_Studio128/concert/lib/x86-64_osx/static_pic\"",
				);
				OTHER_CFLAGS = "-DIL_STD";
				PRODUCT_NAME = "$(TARGET_NAME)";
			};
			name = Debug;
		};
		7EBEFA722241EC4900250B65 /* Release */ = {
			isa = XCBuildConfiguration;
			buildSettings = {
				CLANG_CXX_LANGUAGE_STANDARD = "gnu++0x";
				CODE_SIGN_STYLE = Automatic;
				DEVELOPMENT_TEAM = JBP2638P2L;
				HEADER_SEARCH_PATHS = (
					/Applications/CPLEX_Studio128/cplex/include,
					/Applications/CPLEX_Studio128/concert/include,
				);
				LIBRARY_SEARCH_PATHS = (
					"\"/Applications/CPLEX_Studio128/cplex/lib/x86-64_osx/static_pic\"",
					"\"/Applications/CPLEX_Studio128/concert/lib/x86-64_osx/static_pic\"",
				);
				OTHER_CFLAGS = "-DIL_STD";
				PRODUCT_NAME = "$(TARGET_NAME)";
			};
			name = Release;
		};
/* End XCBuildConfiguration section */

/* Begin XCConfigurationList section */
		7EBEFA642241EC4900250B65 /* Build configuration list for PBXProject "LShape_xcode" */ = {
			isa = XCConfigurationList;
			buildConfigurations = (
				7EBEFA6E2241EC4900250B65 /* Debug */,
				7EBEFA6F2241EC4900250B65 /* Release */,
			);
			defaultConfigurationIsVisible = 0;
			defaultConfigurationName = Release;
		};
		7EBEFA702241EC4900250B65 /* Build configuration list for PBXNativeTarget "LShape_xcode" */ = {
			isa = XCConfigurationList;
			buildConfigurations = (
				7EBEFA712241EC4900250B65 /* Debug */,
				7EBEFA722241EC4900250B65 /* Release */,
			);
			defaultConfigurationIsVisible = 0;
			defaultConfigurationName = Release;
		};
/* End XCConfigurationList section */
	};
	rootObject = 7EBEFA612241EC4900250B65 /* Project object */;
}
